PODS:
  - CocoaLumberjack (2.0.0-beta3):
    - CocoaLumberjack/Default
    - CocoaLumberjack/Extensions
  - CocoaLumberjack/Core (2.0.0-beta3)
  - CocoaLumberjack/Default (2.0.0-beta3):
    - CocoaLumberjack/Core
  - CocoaLumberjack/Extensions (2.0.0-beta3):
    - CocoaLumberjack/Default
  - DateTools (1.4.3)
  - Firebase (2.0.2)
  - ReactiveCocoa (2.3.1):
    - ReactiveCocoa/UI
  - ReactiveCocoa/Core (2.3.1):
    - ReactiveCocoa/no-arc
  - ReactiveCocoa/no-arc (2.3.1)
  - ReactiveCocoa/UI (2.3.1):
    - ReactiveCocoa/Core
  - WSMLogger (0.1.0):
    - CocoaLumberjack
  - WSMUtilities (0.0.3)

DEPENDENCIES:
  - CocoaLumberjack (= 2.0.0-beta3)
  - DateTools
  - Firebase (>= 1.2.2)
  - ReactiveCocoa
  - WSMLogger
  - WSMUtilities

SPEC CHECKSUMS:
  CocoaLumberjack: 55c22a2b8bde7a29c568ab4015b5874216524d70
  DateTools: 7c2d233ea2d4bda3a717d0cd5f58da926a5998d0
  Firebase: 793a4581e4f4d9cb1e156cab89ca367f3d02b473
  ReactiveCocoa: dca75777b9d18990c8714a3a6f2149f29b4d1462
  WSMLogger: a465b61ada79c02f5d6e8734d7e4ad6c330a6aa4
  WSMUtilities: 65c4257a427a15fe10445ac03670ce345403dcf7

COCOAPODS: 0.34.4
