// !$*UTF8*$!
{
	archiveVersion = 1;
	classes = {
	};
	objectVersion = 46;
	objects = {

/* Begin PBXBuildFile section */
		50715148D34F3DD84DCBFE92 /* libPods-HackerNews.a in Frameworks */ = {isa = PBXBuildFile; fileRef = 84F760F72ADC1DBF0D222370 /* libPods-HackerNews.a */; };
		57E5A44C182C9A8C9874C1CF /* libPods-HackerNewsTests.a in Frameworks */ = {isa = PBXBuildFile; fileRef = 48746723D5B08E8978414CA7 /* libPods-HackerNewsTests.a */; };
		6E11DA0C19EE672100A75579 /* libz.dylib in Frameworks */ = {isa = PBXBuildFile; fileRef = 6E11DA0B19EE672100A75579 /* libz.dylib */; };
		6E11DA0E19EE672B00A75579 /* SystemConfiguration.framework in Frameworks */ = {isa = PBXBuildFile; fileRef = 6E11DA0D19EE672B00A75579 /* SystemConfiguration.framework */; };
		6E11DA1019EE673400A75579 /* Security.framework in Frameworks */ = {isa = PBXBuildFile; fileRef = 6E11DA0F19EE673400A75579 /* Security.framework */; };
		6E11DA1119EE673E00A75579 /* CFNetwork.framework in Frameworks */ = {isa = PBXBuildFile; fileRef = 6ED1071C19EE5DB400E1F669 /* CFNetwork.framework */; };
		6E11DA1219EE675D00A75579 /* libc++.dylib in Frameworks */ = {isa = PBXBuildFile; fileRef = 6ED1071A19EE5DA900E1F669 /* libc++.dylib */; };
		6E11DA1419EE676600A75579 /* MobileCoreServices.framework in Frameworks */ = {isa = PBXBuildFile; fileRef = 6E11DA1319EE676600A75579 /* MobileCoreServices.framework */; };
		6E11DA1619EE677600A75579 /* libsqlite3.dylib in Frameworks */ = {isa = PBXBuildFile; fileRef = 6E11DA1519EE677600A75579 /* libsqlite3.dylib */; };
		6E124FBF1A035CAA00BF9ED5 /* UIView+WSMUtilities.m in Sources */ = {isa = PBXBuildFile; fileRef = 6E124FBE1A035CAA00BF9ED5 /* UIView+WSMUtilities.m */; };
		6E124FC21A03678F00BF9ED5 /* CBLDocument+WSMUtilities.m in Sources */ = {isa = PBXBuildFile; fileRef = 6E124FC11A03678F00BF9ED5 /* CBLDocument+WSMUtilities.m */; };
		6E1A94D61A1C810700496CD7 /* HNUser.m in Sources */ = {isa = PBXBuildFile; fileRef = 6E1A94D31A1C810700496CD7 /* HNUser.m */; };
		6E1A94D71A1C810700496CD7 /* WSMUser.m in Sources */ = {isa = PBXBuildFile; fileRef = 6E1A94D51A1C810700496CD7 /* WSMUser.m */; };
		6E1A94E51A1C81ED00496CD7 /* CBLModel+WSMUtilities.m in Sources */ = {isa = PBXBuildFile; fileRef = 6E1A94E41A1C81ED00496CD7 /* CBLModel+WSMUtilities.m */; };
		6E45657119FB23A100856F74 /* CouchbaseLite.framework in Frameworks */ = {isa = PBXBuildFile; fileRef = 6E45657019FB23A100856F74 /* CouchbaseLite.framework */; };
		6E45657519FB23C100856F74 /* libFlurry_5.4.0.a in Frameworks */ = {isa = PBXBuildFile; fileRef = 6E45657419FB23C100856F74 /* libFlurry_5.4.0.a */; };
		6E519E941A140AD300B42816 /* left_black@2x.png in Resources */ = {isa = PBXBuildFile; fileRef = 6E519E901A140AD300B42816 /* left_black@2x.png */; };
		6E519E951A140AD300B42816 /* left_black@3x.png in Resources */ = {isa = PBXBuildFile; fileRef = 6E519E911A140AD300B42816 /* left_black@3x.png */; };
		6E519E961A140AD300B42816 /* right_black@2x.png in Resources */ = {isa = PBXBuildFile; fileRef = 6E519E921A140AD300B42816 /* right_black@2x.png */; };
		6E519E971A140AD300B42816 /* right_black@3x.png in Resources */ = {isa = PBXBuildFile; fileRef = 6E519E931A140AD300B42816 /* right_black@3x.png */; };
		6E519E9A1A140B1100B42816 /* WebKit.framework in Frameworks */ = {isa = PBXBuildFile; fileRef = 6E519E991A140B1100B42816 /* WebKit.framework */; };
		6E5EADC31A0F630700A19DA7 /* TopViewController.swift in Sources */ = {isa = PBXBuildFile; fileRef = 6E5EADC21A0F630700A19DA7 /* TopViewController.swift */; };
		6E5EADC51A10694D00A19DA7 /* TextViewController.swift in Sources */ = {isa = PBXBuildFile; fileRef = 6E5EADC41A10694D00A19DA7 /* TextViewController.swift */; };
		6E5EADC71A1072CC00A19DA7 /* DynamicLogo.swift in Sources */ = {isa = PBXBuildFile; fileRef = 6E5EADC61A1072CC00A19DA7 /* DynamicLogo.swift */; };
		6E730AA219FAFB2500E412C3 /* UITableViewCell+HNHeadline.m in Sources */ = {isa = PBXBuildFile; fileRef = 6E730AA119FAFB2500E412C3 /* UITableViewCell+HNHeadline.m */; };
		6EA970751A095B8A00EFD4E2 /* WebViewController.swift in Sources */ = {isa = PBXBuildFile; fileRef = 6EA970741A095B8A00EFD4E2 /* WebViewController.swift */; };
		6EC8D3151A16FCD3008A539A /* libz.dylib in Frameworks */ = {isa = PBXBuildFile; fileRef = 6E11DA0B19EE672100A75579 /* libz.dylib */; };
		6EC8D3161A16FCD8008A539A /* libsqlite3.dylib in Frameworks */ = {isa = PBXBuildFile; fileRef = 6E11DA1519EE677600A75579 /* libsqlite3.dylib */; };
		6EC8D3181A16FCE5008A539A /* Nimble.framework in Frameworks */ = {isa = PBXBuildFile; fileRef = 6EC8D3171A16FCE5008A539A /* Nimble.framework */; };
		6EC8D3191A16FCEE008A539A /* Quick.framework in Frameworks */ = {isa = PBXBuildFile; fileRef = 6EC8D2FF1A16FCA1008A539A /* Quick.framework */; };
		6EC8D31C1A16FD24008A539A /* HackerNewsTests.swift in Sources */ = {isa = PBXBuildFile; fileRef = 6EC8D31B1A16FD24008A539A /* HackerNewsTests.swift */; };
		6EC8D31D1A16FD9A008A539A /* CouchbaseLite.framework in Frameworks */ = {isa = PBXBuildFile; fileRef = 6E45657019FB23A100856F74 /* CouchbaseLite.framework */; };
		6ED106F519EE5BD200E1F669 /* main.m in Sources */ = {isa = PBXBuildFile; fileRef = 6ED106F419EE5BD200E1F669 /* main.m */; };
		6ED106F819EE5BD200E1F669 /* AppDelegate.m in Sources */ = {isa = PBXBuildFile; fileRef = 6ED106F719EE5BD200E1F669 /* AppDelegate.m */; };
		6ED106FB19EE5BD200E1F669 /* HNTopViewController.m in Sources */ = {isa = PBXBuildFile; fileRef = 6ED106FA19EE5BD200E1F669 /* HNTopViewController.m */; };
		6ED106FE19EE5BD200E1F669 /* Main.storyboard in Resources */ = {isa = PBXBuildFile; fileRef = 6ED106FC19EE5BD200E1F669 /* Main.storyboard */; };
		6ED1070019EE5BD200E1F669 /* Images.xcassets in Resources */ = {isa = PBXBuildFile; fileRef = 6ED106FF19EE5BD200E1F669 /* Images.xcassets */; };
		6ED1070319EE5BD200E1F669 /* LaunchScreen.xib in Resources */ = {isa = PBXBuildFile; fileRef = 6ED1070119EE5BD200E1F669 /* LaunchScreen.xib */; };
		6ED1070F19EE5BD200E1F669 /* HackerNewsTests.m in Sources */ = {isa = PBXBuildFile; fileRef = 6ED1070E19EE5BD200E1F669 /* HackerNewsTests.m */; };
		6EDC46081A02C5A3005E92D0 /* NSCache+WSMUtilities.m in Sources */ = {isa = PBXBuildFile; fileRef = 6EDC46071A02C5A3005E92D0 /* NSCache+WSMUtilities.m */; };
		6EDE0D8D1A00115800606558 /* web_black@2x.png in Resources */ = {isa = PBXBuildFile; fileRef = 6EDE0D8C1A00115800606558 /* web_black@2x.png */; };
		6EDE0D8F1A00116F00606558 /* web_black@3x.png in Resources */ = {isa = PBXBuildFile; fileRef = 6EDE0D8E1A00116F00606558 /* web_black@3x.png */; };
		6EFB719919F1CD3600830F79 /* secrets.json in Resources */ = {isa = PBXBuildFile; fileRef = 6EFB719819F1CD3600830F79 /* secrets.json */; };
		6EFB719A19F1CD3600830F79 /* secrets.json in Resources */ = {isa = PBXBuildFile; fileRef = 6EFB719819F1CD3600830F79 /* secrets.json */; };
/* End PBXBuildFile section */

/* Begin PBXContainerItemProxy section */
		6EC8D2FE1A16FCA1008A539A /* PBXContainerItemProxy */ = {
			isa = PBXContainerItemProxy;
			containerPortal = 6EC8D2F61A16FCA1008A539A /* Quick.xcodeproj */;
			proxyType = 2;
			remoteGlobalIDString = DAEB6B8E1943873100289F44;
			remoteInfo = "Quick-OSX";
		};
		6EC8D3001A16FCA1008A539A /* PBXContainerItemProxy */ = {
			isa = PBXContainerItemProxy;
			containerPortal = 6EC8D2F61A16FCA1008A539A /* Quick.xcodeproj */;
			proxyType = 2;
			remoteGlobalIDString = DAEB6B991943873100289F44;
			remoteInfo = "Quick-OSXTests";
		};
		6EC8D3021A16FCA1008A539A /* PBXContainerItemProxy */ = {
			isa = PBXContainerItemProxy;
			containerPortal = 6EC8D2F61A16FCA1008A539A /* Quick.xcodeproj */;
			proxyType = 2;
			remoteGlobalIDString = 5A5D117C19473F2100F6D13D;
			remoteInfo = "Quick-iOS";
		};
		6EC8D3041A16FCA1008A539A /* PBXContainerItemProxy */ = {
			isa = PBXContainerItemProxy;
			containerPortal = 6EC8D2F61A16FCA1008A539A /* Quick.xcodeproj */;
			proxyType = 2;
			remoteGlobalIDString = 5A5D118619473F2100F6D13D;
			remoteInfo = "Quick-iOSTests";
		};
		6EC8D30D1A16FCB3008A539A /* PBXContainerItemProxy */ = {
			isa = PBXContainerItemProxy;
			containerPortal = 6EC8D3061A16FCB3008A539A /* Nimble.xcodeproj */;
			proxyType = 2;
			remoteGlobalIDString = 1F1A74291940169200FFFC47;
			remoteInfo = "Nimble-iOS";
		};
		6EC8D30F1A16FCB3008A539A /* PBXContainerItemProxy */ = {
			isa = PBXContainerItemProxy;
			containerPortal = 6EC8D3061A16FCB3008A539A /* Nimble.xcodeproj */;
			proxyType = 2;
			remoteGlobalIDString = 1F1A74341940169200FFFC47;
			remoteInfo = "Nimble-iOSTests";
		};
		6EC8D3111A16FCB3008A539A /* PBXContainerItemProxy */ = {
			isa = PBXContainerItemProxy;
			containerPortal = 6EC8D3061A16FCB3008A539A /* Nimble.xcodeproj */;
			proxyType = 2;
			remoteGlobalIDString = 1F925EAD195C0D6300ED456B;
			remoteInfo = "Nimble-OSX";
		};
		6EC8D3131A16FCB3008A539A /* PBXContainerItemProxy */ = {
			isa = PBXContainerItemProxy;
			containerPortal = 6EC8D3061A16FCB3008A539A /* Nimble.xcodeproj */;
			proxyType = 2;
			remoteGlobalIDString = 1F925EB7195C0D6300ED456B;
			remoteInfo = "Nimble-OSXTests";
		};
		6ED1070919EE5BD200E1F669 /* PBXContainerItemProxy */ = {
			isa = PBXContainerItemProxy;
			containerPortal = 6ED106E719EE5BD200E1F669 /* Project object */;
			proxyType = 1;
			remoteGlobalIDString = 6ED106EE19EE5BD200E1F669;
			remoteInfo = HackerNews;
		};
/* End PBXContainerItemProxy section */

/* Begin PBXFileReference section */
		1749091DAE37B3D4B3DEFF1E /* Pods-HackerNews.debug.xcconfig */ = {isa = PBXFileReference; includeInIndex = 1; lastKnownFileType = text.xcconfig; name = "Pods-HackerNews.debug.xcconfig"; path = "Pods/Target Support Files/Pods-HackerNews/Pods-HackerNews.debug.xcconfig"; sourceTree = "<group>"; };
		48746723D5B08E8978414CA7 /* libPods-HackerNewsTests.a */ = {isa = PBXFileReference; explicitFileType = archive.ar; includeInIndex = 0; path = "libPods-HackerNewsTests.a"; sourceTree = BUILT_PRODUCTS_DIR; };
		591A035AA7E80899E62C60B9 /* Pods-HackerNewsTests.debug.xcconfig */ = {isa = PBXFileReference; includeInIndex = 1; lastKnownFileType = text.xcconfig; name = "Pods-HackerNewsTests.debug.xcconfig"; path = "Pods/Target Support Files/Pods-HackerNewsTests/Pods-HackerNewsTests.debug.xcconfig"; sourceTree = "<group>"; };
		6028C4209F00A205B7FFD67D /* Pods-HackerNewsTests.release.xcconfig */ = {isa = PBXFileReference; includeInIndex = 1; lastKnownFileType = text.xcconfig; name = "Pods-HackerNewsTests.release.xcconfig"; path = "Pods/Target Support Files/Pods-HackerNewsTests/Pods-HackerNewsTests.release.xcconfig"; sourceTree = "<group>"; };
		6E11DA0B19EE672100A75579 /* libz.dylib */ = {isa = PBXFileReference; lastKnownFileType = "compiled.mach-o.dylib"; name = libz.dylib; path = usr/lib/libz.dylib; sourceTree = SDKROOT; };
		6E11DA0D19EE672B00A75579 /* SystemConfiguration.framework */ = {isa = PBXFileReference; lastKnownFileType = wrapper.framework; name = SystemConfiguration.framework; path = System/Library/Frameworks/SystemConfiguration.framework; sourceTree = SDKROOT; };
		6E11DA0F19EE673400A75579 /* Security.framework */ = {isa = PBXFileReference; lastKnownFileType = wrapper.framework; name = Security.framework; path = System/Library/Frameworks/Security.framework; sourceTree = SDKROOT; };
		6E11DA1319EE676600A75579 /* MobileCoreServices.framework */ = {isa = PBXFileReference; lastKnownFileType = wrapper.framework; name = MobileCoreServices.framework; path = System/Library/Frameworks/MobileCoreServices.framework; sourceTree = SDKROOT; };
		6E11DA1519EE677600A75579 /* libsqlite3.dylib */ = {isa = PBXFileReference; lastKnownFileType = "compiled.mach-o.dylib"; name = libsqlite3.dylib; path = usr/lib/libsqlite3.dylib; sourceTree = SDKROOT; };
		6E124FBD1A035CAA00BF9ED5 /* UIView+WSMUtilities.h */ = {isa = PBXFileReference; fileEncoding = 4; lastKnownFileType = sourcecode.c.h; path = "UIView+WSMUtilities.h"; sourceTree = "<group>"; };
		6E124FBE1A035CAA00BF9ED5 /* UIView+WSMUtilities.m */ = {isa = PBXFileReference; fileEncoding = 4; lastKnownFileType = sourcecode.c.objc; path = "UIView+WSMUtilities.m"; sourceTree = "<group>"; };
		6E124FC01A03678F00BF9ED5 /* CBLDocument+WSMUtilities.h */ = {isa = PBXFileReference; fileEncoding = 4; lastKnownFileType = sourcecode.c.h; path = "CBLDocument+WSMUtilities.h"; sourceTree = "<group>"; };
		6E124FC11A03678F00BF9ED5 /* CBLDocument+WSMUtilities.m */ = {isa = PBXFileReference; fileEncoding = 4; lastKnownFileType = sourcecode.c.objc; path = "CBLDocument+WSMUtilities.m"; sourceTree = "<group>"; };
		6E1A94D21A1C810700496CD7 /* HNUser.h */ = {isa = PBXFileReference; fileEncoding = 4; lastKnownFileType = sourcecode.c.h; path = HNUser.h; sourceTree = "<group>"; };
		6E1A94D31A1C810700496CD7 /* HNUser.m */ = {isa = PBXFileReference; fileEncoding = 4; lastKnownFileType = sourcecode.c.objc; path = HNUser.m; sourceTree = "<group>"; };
		6E1A94D41A1C810700496CD7 /* WSMUser.h */ = {isa = PBXFileReference; fileEncoding = 4; lastKnownFileType = sourcecode.c.h; path = WSMUser.h; sourceTree = "<group>"; };
		6E1A94D51A1C810700496CD7 /* WSMUser.m */ = {isa = PBXFileReference; fileEncoding = 4; lastKnownFileType = sourcecode.c.objc; path = WSMUser.m; sourceTree = "<group>"; };
		6E1A94E31A1C81ED00496CD7 /* CBLModel+WSMUtilities.h */ = {isa = PBXFileReference; fileEncoding = 4; lastKnownFileType = sourcecode.c.h; path = "CBLModel+WSMUtilities.h"; sourceTree = "<group>"; };
		6E1A94E41A1C81ED00496CD7 /* CBLModel+WSMUtilities.m */ = {isa = PBXFileReference; fileEncoding = 4; lastKnownFileType = sourcecode.c.objc; path = "CBLModel+WSMUtilities.m"; sourceTree = "<group>"; };
		6E45657019FB23A100856F74 /* CouchbaseLite.framework */ = {isa = PBXFileReference; lastKnownFileType = wrapper.framework; name = CouchbaseLite.framework; path = vendor/CouchbaseLite.framework; sourceTree = "<group>"; };
		6E45657319FB23C100856F74 /* Flurry.h */ = {isa = PBXFileReference; fileEncoding = 4; lastKnownFileType = sourcecode.c.h; path = Flurry.h; sourceTree = "<group>"; };
		6E45657419FB23C100856F74 /* libFlurry_5.4.0.a */ = {isa = PBXFileReference; lastKnownFileType = archive.ar; path = libFlurry_5.4.0.a; sourceTree = "<group>"; };
		6E519E901A140AD300B42816 /* left_black@2x.png */ = {isa = PBXFileReference; lastKnownFileType = image.png; path = "left_black@2x.png"; sourceTree = "<group>"; };
		6E519E911A140AD300B42816 /* left_black@3x.png */ = {isa = PBXFileReference; lastKnownFileType = image.png; path = "left_black@3x.png"; sourceTree = "<group>"; };
		6E519E921A140AD300B42816 /* right_black@2x.png */ = {isa = PBXFileReference; lastKnownFileType = image.png; path = "right_black@2x.png"; sourceTree = "<group>"; };
		6E519E931A140AD300B42816 /* right_black@3x.png */ = {isa = PBXFileReference; lastKnownFileType = image.png; path = "right_black@3x.png"; sourceTree = "<group>"; };
		6E519E991A140B1100B42816 /* WebKit.framework */ = {isa = PBXFileReference; lastKnownFileType = wrapper.framework; name = WebKit.framework; path = System/Library/Frameworks/WebKit.framework; sourceTree = SDKROOT; };
		6E5EADC21A0F630700A19DA7 /* TopViewController.swift */ = {isa = PBXFileReference; fileEncoding = 4; lastKnownFileType = sourcecode.swift; path = TopViewController.swift; sourceTree = "<group>"; };
		6E5EADC41A10694D00A19DA7 /* TextViewController.swift */ = {isa = PBXFileReference; fileEncoding = 4; lastKnownFileType = sourcecode.swift; path = TextViewController.swift; sourceTree = "<group>"; };
		6E5EADC61A1072CC00A19DA7 /* DynamicLogo.swift */ = {isa = PBXFileReference; fileEncoding = 4; lastKnownFileType = sourcecode.swift; path = DynamicLogo.swift; sourceTree = "<group>"; };
		6E730AA019FAFB2500E412C3 /* UITableViewCell+HNHeadline.h */ = {isa = PBXFileReference; fileEncoding = 4; lastKnownFileType = sourcecode.c.h; path = "UITableViewCell+HNHeadline.h"; sourceTree = "<group>"; };
		6E730AA119FAFB2500E412C3 /* UITableViewCell+HNHeadline.m */ = {isa = PBXFileReference; fileEncoding = 4; lastKnownFileType = sourcecode.c.objc; path = "UITableViewCell+HNHeadline.m"; sourceTree = "<group>"; };
		6EA970731A095B8A00EFD4E2 /* HackerNews-Bridging-Header.h */ = {isa = PBXFileReference; lastKnownFileType = sourcecode.c.h; path = "HackerNews-Bridging-Header.h"; sourceTree = "<group>"; };
		6EA970741A095B8A00EFD4E2 /* WebViewController.swift */ = {isa = PBXFileReference; fileEncoding = 4; lastKnownFileType = sourcecode.swift; path = WebViewController.swift; sourceTree = "<group>"; };
		6EC8D2F61A16FCA1008A539A /* Quick.xcodeproj */ = {isa = PBXFileReference; lastKnownFileType = "wrapper.pb-project"; name = Quick.xcodeproj; path = vendor/Quick/Quick.xcodeproj; sourceTree = SOURCE_ROOT; };
		6EC8D3061A16FCB3008A539A /* Nimble.xcodeproj */ = {isa = PBXFileReference; lastKnownFileType = "wrapper.pb-project"; name = Nimble.xcodeproj; path = vendor/Nimble/Nimble.xcodeproj; sourceTree = SOURCE_ROOT; };
		6EC8D3171A16FCE5008A539A /* Nimble.framework */ = {isa = PBXFileReference; lastKnownFileType = wrapper.framework; name = Nimble.framework; path = "../../Library/Developer/Xcode/DerivedData/HackerNews-cnqwolxlzomlwzdmapzamyomqobn/Build/Products/Debug-iphoneos/Nimble.framework"; sourceTree = "<group>"; };
		6EC8D31B1A16FD24008A539A /* HackerNewsTests.swift */ = {isa = PBXFileReference; fileEncoding = 4; lastKnownFileType = sourcecode.swift; path = HackerNewsTests.swift; sourceTree = "<group>"; };
		6ED106EF19EE5BD200E1F669 /* Hacker News.app */ = {isa = PBXFileReference; explicitFileType = wrapper.application; includeInIndex = 0; path = "Hacker News.app"; sourceTree = BUILT_PRODUCTS_DIR; };
		6ED106F319EE5BD200E1F669 /* Info.plist */ = {isa = PBXFileReference; lastKnownFileType = text.plist.xml; path = Info.plist; sourceTree = "<group>"; };
		6ED106F419EE5BD200E1F669 /* main.m */ = {isa = PBXFileReference; lastKnownFileType = sourcecode.c.objc; path = main.m; sourceTree = "<group>"; };
		6ED106F619EE5BD200E1F669 /* AppDelegate.h */ = {isa = PBXFileReference; lastKnownFileType = sourcecode.c.h; path = AppDelegate.h; sourceTree = "<group>"; };
		6ED106F719EE5BD200E1F669 /* AppDelegate.m */ = {isa = PBXFileReference; lastKnownFileType = sourcecode.c.objc; path = AppDelegate.m; sourceTree = "<group>"; };
		6ED106F919EE5BD200E1F669 /* HNTopViewController.h */ = {isa = PBXFileReference; lastKnownFileType = sourcecode.c.h; path = HNTopViewController.h; sourceTree = "<group>"; };
		6ED106FA19EE5BD200E1F669 /* HNTopViewController.m */ = {isa = PBXFileReference; lastKnownFileType = sourcecode.c.objc; path = HNTopViewController.m; sourceTree = "<group>"; };
		6ED106FD19EE5BD200E1F669 /* Base */ = {isa = PBXFileReference; lastKnownFileType = file.storyboard; name = Base; path = Base.lproj/Main.storyboard; sourceTree = "<group>"; };
		6ED106FF19EE5BD200E1F669 /* Images.xcassets */ = {isa = PBXFileReference; lastKnownFileType = folder.assetcatalog; path = Images.xcassets; sourceTree = "<group>"; };
		6ED1070219EE5BD200E1F669 /* Base */ = {isa = PBXFileReference; lastKnownFileType = file.xib; name = Base; path = Base.lproj/LaunchScreen.xib; sourceTree = "<group>"; };
		6ED1070819EE5BD200E1F669 /* HackerNewsTests.xctest */ = {isa = PBXFileReference; explicitFileType = wrapper.cfbundle; includeInIndex = 0; path = HackerNewsTests.xctest; sourceTree = BUILT_PRODUCTS_DIR; };
		6ED1070D19EE5BD200E1F669 /* Info.plist */ = {isa = PBXFileReference; lastKnownFileType = text.plist.xml; path = Info.plist; sourceTree = "<group>"; };
		6ED1070E19EE5BD200E1F669 /* HackerNewsTests.m */ = {isa = PBXFileReference; lastKnownFileType = sourcecode.c.objc; path = HackerNewsTests.m; sourceTree = "<group>"; };
		6ED1071819EE5D9F00E1F669 /* libicucore.dylib */ = {isa = PBXFileReference; lastKnownFileType = "compiled.mach-o.dylib"; name = libicucore.dylib; path = usr/lib/libicucore.dylib; sourceTree = SDKROOT; };
		6ED1071A19EE5DA900E1F669 /* libc++.dylib */ = {isa = PBXFileReference; lastKnownFileType = "compiled.mach-o.dylib"; name = "libc++.dylib"; path = "usr/lib/libc++.dylib"; sourceTree = SDKROOT; };
		6ED1071C19EE5DB400E1F669 /* CFNetwork.framework */ = {isa = PBXFileReference; lastKnownFileType = wrapper.framework; name = CFNetwork.framework; path = System/Library/Frameworks/CFNetwork.framework; sourceTree = SDKROOT; };
		6ED1071E19EE5EAE00E1F669 /* HackerNews-Prefix.pch */ = {isa = PBXFileReference; lastKnownFileType = sourcecode.c.h; path = "HackerNews-Prefix.pch"; sourceTree = "<group>"; };
		6EDC46061A02C5A3005E92D0 /* NSCache+WSMUtilities.h */ = {isa = PBXFileReference; fileEncoding = 4; lastKnownFileType = sourcecode.c.h; path = "NSCache+WSMUtilities.h"; sourceTree = "<group>"; };
		6EDC46071A02C5A3005E92D0 /* NSCache+WSMUtilities.m */ = {isa = PBXFileReference; fileEncoding = 4; lastKnownFileType = sourcecode.c.objc; path = "NSCache+WSMUtilities.m"; sourceTree = "<group>"; };
		6EDE0D8C1A00115800606558 /* web_black@2x.png */ = {isa = PBXFileReference; lastKnownFileType = image.png; path = "web_black@2x.png"; sourceTree = "<group>"; };
		6EDE0D8E1A00116F00606558 /* web_black@3x.png */ = {isa = PBXFileReference; lastKnownFileType = image.png; path = "web_black@3x.png"; sourceTree = "<group>"; };
		6EFB719819F1CD3600830F79 /* secrets.json */ = {isa = PBXFileReference; fileEncoding = 4; lastKnownFileType = text.json; path = secrets.json; sourceTree = "<group>"; };
		84F760F72ADC1DBF0D222370 /* libPods-HackerNews.a */ = {isa = PBXFileReference; explicitFileType = archive.ar; includeInIndex = 0; path = "libPods-HackerNews.a"; sourceTree = BUILT_PRODUCTS_DIR; };
		E399C2BC9F636EE909A15CBC /* Pods-HackerNews.release.xcconfig */ = {isa = PBXFileReference; includeInIndex = 1; lastKnownFileType = text.xcconfig; name = "Pods-HackerNews.release.xcconfig"; path = "Pods/Target Support Files/Pods-HackerNews/Pods-HackerNews.release.xcconfig"; sourceTree = "<group>"; };
/* End PBXFileReference section */

/* Begin PBXFrameworksBuildPhase section */
		6ED106EC19EE5BD200E1F669 /* Frameworks */ = {
			isa = PBXFrameworksBuildPhase;
			buildActionMask = 2147483647;
			files = (
				6E519E9A1A140B1100B42816 /* WebKit.framework in Frameworks */,
				6E45657119FB23A100856F74 /* CouchbaseLite.framework in Frameworks */,
				6E11DA1619EE677600A75579 /* libsqlite3.dylib in Frameworks */,
				6E11DA1419EE676600A75579 /* MobileCoreServices.framework in Frameworks */,
				6E11DA1219EE675D00A75579 /* libc++.dylib in Frameworks */,
				6E11DA1119EE673E00A75579 /* CFNetwork.framework in Frameworks */,
				6E45657519FB23C100856F74 /* libFlurry_5.4.0.a in Frameworks */,
				6E11DA1019EE673400A75579 /* Security.framework in Frameworks */,
				6E11DA0E19EE672B00A75579 /* SystemConfiguration.framework in Frameworks */,
				6E11DA0C19EE672100A75579 /* libz.dylib in Frameworks */,
				50715148D34F3DD84DCBFE92 /* libPods-HackerNews.a in Frameworks */,
			);
			runOnlyForDeploymentPostprocessing = 0;
		};
		6ED1070519EE5BD200E1F669 /* Frameworks */ = {
			isa = PBXFrameworksBuildPhase;
			buildActionMask = 2147483647;
			files = (
				6EC8D3191A16FCEE008A539A /* Quick.framework in Frameworks */,
				6EC8D3181A16FCE5008A539A /* Nimble.framework in Frameworks */,
				6EC8D3161A16FCD8008A539A /* libsqlite3.dylib in Frameworks */,
				6EC8D3151A16FCD3008A539A /* libz.dylib in Frameworks */,
				6EC8D31D1A16FD9A008A539A /* CouchbaseLite.framework in Frameworks */,
				57E5A44C182C9A8C9874C1CF /* libPods-HackerNewsTests.a in Frameworks */,
			);
			runOnlyForDeploymentPostprocessing = 0;
		};
/* End PBXFrameworksBuildPhase section */

/* Begin PBXGroup section */
		6E1A94E21A1C81B100496CD7 /* Models */ = {
			isa = PBXGroup;
			children = (
				6E1A94D21A1C810700496CD7 /* HNUser.h */,
				6E1A94D31A1C810700496CD7 /* HNUser.m */,
				6E1A94D41A1C810700496CD7 /* WSMUser.h */,
				6E1A94D51A1C810700496CD7 /* WSMUser.m */,
			);
			name = Models;
			sourceTree = "<group>";
		};
		6E1A94E61A1C820900496CD7 /* Helper Categories */ = {
			isa = PBXGroup;
			children = (
				6EDC46061A02C5A3005E92D0 /* NSCache+WSMUtilities.h */,
				6EDC46071A02C5A3005E92D0 /* NSCache+WSMUtilities.m */,
				6E124FBD1A035CAA00BF9ED5 /* UIView+WSMUtilities.h */,
				6E124FBE1A035CAA00BF9ED5 /* UIView+WSMUtilities.m */,
				6E124FC01A03678F00BF9ED5 /* CBLDocument+WSMUtilities.h */,
				6E124FC11A03678F00BF9ED5 /* CBLDocument+WSMUtilities.m */,
				6E1A94E31A1C81ED00496CD7 /* CBLModel+WSMUtilities.h */,
				6E1A94E41A1C81ED00496CD7 /* CBLModel+WSMUtilities.m */,
			);
			name = "Helper Categories";
			sourceTree = "<group>";
		};
		6E397BD719F24B9F00697A8D /* Views */ = {
			isa = PBXGroup;
			children = (
				6ED1070119EE5BD200E1F669 /* LaunchScreen.xib */,
				6ED106FC19EE5BD200E1F669 /* Main.storyboard */,
				6E5EADC61A1072CC00A19DA7 /* DynamicLogo.swift */,
				6E730AA019FAFB2500E412C3 /* UITableViewCell+HNHeadline.h */,
				6E730AA119FAFB2500E412C3 /* UITableViewCell+HNHeadline.m */,
				6ED106FF19EE5BD200E1F669 /* Images.xcassets */,
			);
			name = Views;
			sourceTree = "<group>";
		};
		6E3FE97119F1E9E40055964F /* Controllers */ = {
			isa = PBXGroup;
			children = (
				6ED106F919EE5BD200E1F669 /* HNTopViewController.h */,
				6ED106FA19EE5BD200E1F669 /* HNTopViewController.m */,
				6E5EADC21A0F630700A19DA7 /* TopViewController.swift */,
				6EA970741A095B8A00EFD4E2 /* WebViewController.swift */,
				6E5EADC41A10694D00A19DA7 /* TextViewController.swift */,
			);
			name = Controllers;
			sourceTree = "<group>";
		};
		6E45657219FB23C100856F74 /* Flurry */ = {
			isa = PBXGroup;
			children = (
				6E45657319FB23C100856F74 /* Flurry.h */,
				6E45657419FB23C100856F74 /* libFlurry_5.4.0.a */,
			);
			name = Flurry;
			path = vendor/Flurry;
			sourceTree = "<group>";
		};
		6E519E981A140AE100B42816 /* Images */ = {
			isa = PBXGroup;
			children = (
				6EDE0D8C1A00115800606558 /* web_black@2x.png */,
				6EDE0D8E1A00116F00606558 /* web_black@3x.png */,
				6E519E901A140AD300B42816 /* left_black@2x.png */,
				6E519E911A140AD300B42816 /* left_black@3x.png */,
				6E519E921A140AD300B42816 /* right_black@2x.png */,
				6E519E931A140AD300B42816 /* right_black@3x.png */,
			);
			name = Images;
			sourceTree = "<group>";
		};
		6EC8D2F71A16FCA1008A539A /* Products */ = {
			isa = PBXGroup;
			children = (
				6EC8D2FF1A16FCA1008A539A /* Quick.framework */,
				6EC8D3011A16FCA1008A539A /* Quick-OSXTests.xctest */,
				6EC8D3031A16FCA1008A539A /* Quick.framework */,
				6EC8D3051A16FCA1008A539A /* Quick-iOSTests.xctest */,
			);
			name = Products;
			sourceTree = "<group>";
		};
		6EC8D3071A16FCB3008A539A /* Products */ = {
			isa = PBXGroup;
			children = (
				6EC8D30E1A16FCB3008A539A /* Nimble.framework */,
				6EC8D3101A16FCB3008A539A /* NimbleTests.xctest */,
				6EC8D3121A16FCB3008A539A /* Nimble.framework */,
				6EC8D3141A16FCB3008A539A /* Nimble-OSXTests.xctest */,
			);
			name = Products;
			sourceTree = "<group>";
		};
		6ED106E619EE5BD200E1F669 = {
			isa = PBXGroup;
			children = (
				6ED106F119EE5BD200E1F669 /* HackerNews */,
				6ED1070B19EE5BD200E1F669 /* HackerNewsTests */,
				6ED106F019EE5BD200E1F669 /* Products */,
				8D3D144C0167EB48B3DCB436 /* Pods */,
				A8F0BE3B291D393CF1C701C6 /* Frameworks */,
			);
			sourceTree = "<group>";
		};
		6ED106F019EE5BD200E1F669 /* Products */ = {
			isa = PBXGroup;
			children = (
				6ED106EF19EE5BD200E1F669 /* Hacker News.app */,
				6ED1070819EE5BD200E1F669 /* HackerNewsTests.xctest */,
			);
			name = Products;
			sourceTree = "<group>";
		};
		6ED106F119EE5BD200E1F669 /* HackerNews */ = {
			isa = PBXGroup;
			children = (
				6ED106F619EE5BD200E1F669 /* AppDelegate.h */,
				6ED106F719EE5BD200E1F669 /* AppDelegate.m */,
				6E1A94E21A1C81B100496CD7 /* Models */,
				6E3FE97119F1E9E40055964F /* Controllers */,
				6E397BD719F24B9F00697A8D /* Views */,
				6ED106F219EE5BD200E1F669 /* Supporting Files */,
			);
			path = HackerNews;
			sourceTree = "<group>";
		};
		6ED106F219EE5BD200E1F669 /* Supporting Files */ = {
			isa = PBXGroup;
			children = (
				6E519E981A140AE100B42816 /* Images */,
				6E1A94E61A1C820900496CD7 /* Helper Categories */,
				6EFB719819F1CD3600830F79 /* secrets.json */,
				6EA970731A095B8A00EFD4E2 /* HackerNews-Bridging-Header.h */,
				6ED1071E19EE5EAE00E1F669 /* HackerNews-Prefix.pch */,
				6ED106F419EE5BD200E1F669 /* main.m */,
				6ED106F319EE5BD200E1F669 /* Info.plist */,
			);
			name = "Supporting Files";
			sourceTree = "<group>";
		};
		6ED1070B19EE5BD200E1F669 /* HackerNewsTests */ = {
			isa = PBXGroup;
			children = (
				6EC8D2F61A16FCA1008A539A /* Quick.xcodeproj */,
				6EC8D3061A16FCB3008A539A /* Nimble.xcodeproj */,
				6ED1070E19EE5BD200E1F669 /* HackerNewsTests.m */,
				6EC8D31B1A16FD24008A539A /* HackerNewsTests.swift */,
				6ED1070C19EE5BD200E1F669 /* Supporting Files */,
			);
			path = HackerNewsTests;
			sourceTree = "<group>";
		};
		6ED1070C19EE5BD200E1F669 /* Supporting Files */ = {
			isa = PBXGroup;
			children = (
				6ED1070D19EE5BD200E1F669 /* Info.plist */,
			);
			name = "Supporting Files";
			sourceTree = "<group>";
		};
		8D3D144C0167EB48B3DCB436 /* Pods */ = {
			isa = PBXGroup;
			children = (
				1749091DAE37B3D4B3DEFF1E /* Pods-HackerNews.debug.xcconfig */,
				E399C2BC9F636EE909A15CBC /* Pods-HackerNews.release.xcconfig */,
				591A035AA7E80899E62C60B9 /* Pods-HackerNewsTests.debug.xcconfig */,
				6028C4209F00A205B7FFD67D /* Pods-HackerNewsTests.release.xcconfig */,
			);
			name = Pods;
			sourceTree = "<group>";
		};
		A8F0BE3B291D393CF1C701C6 /* Frameworks */ = {
			isa = PBXGroup;
			children = (
				6EC8D3171A16FCE5008A539A /* Nimble.framework */,
				6E519E991A140B1100B42816 /* WebKit.framework */,
				6E45657219FB23C100856F74 /* Flurry */,
				6E45657019FB23A100856F74 /* CouchbaseLite.framework */,
				6E11DA1519EE677600A75579 /* libsqlite3.dylib */,
				6E11DA1319EE676600A75579 /* MobileCoreServices.framework */,
				6E11DA0F19EE673400A75579 /* Security.framework */,
				6E11DA0D19EE672B00A75579 /* SystemConfiguration.framework */,
				6E11DA0B19EE672100A75579 /* libz.dylib */,
				6ED1071C19EE5DB400E1F669 /* CFNetwork.framework */,
				6ED1071A19EE5DA900E1F669 /* libc++.dylib */,
				6ED1071819EE5D9F00E1F669 /* libicucore.dylib */,
				84F760F72ADC1DBF0D222370 /* libPods-HackerNews.a */,
				48746723D5B08E8978414CA7 /* libPods-HackerNewsTests.a */,
			);
			name = Frameworks;
			sourceTree = "<group>";
		};
/* End PBXGroup section */

/* Begin PBXNativeTarget section */
		6ED106EE19EE5BD200E1F669 /* HackerNews */ = {
			isa = PBXNativeTarget;
			buildConfigurationList = 6ED1071219EE5BD200E1F669 /* Build configuration list for PBXNativeTarget "HackerNews" */;
			buildPhases = (
				3F72ACD18130E3205785DDA7 /* Check Pods Manifest.lock */,
				6ED106EB19EE5BD200E1F669 /* Sources */,
				6ED106EC19EE5BD200E1F669 /* Frameworks */,
				6ED106ED19EE5BD200E1F669 /* Resources */,
				FD1C5E65A8DB1E3AAF37183A /* Copy Pods Resources */,
				6E730AA319FAFBE300E412C3 /* ShellScript */,
			);
			buildRules = (
			);
			dependencies = (
			);
			name = HackerNews;
			productName = HackerNews;
			productReference = 6ED106EF19EE5BD200E1F669 /* Hacker News.app */;
			productType = "com.apple.product-type.application";
		};
		6ED1070719EE5BD200E1F669 /* HackerNewsTests */ = {
			isa = PBXNativeTarget;
			buildConfigurationList = 6ED1071519EE5BD200E1F669 /* Build configuration list for PBXNativeTarget "HackerNewsTests" */;
			buildPhases = (
				CDED1F2C28A75D93C29D46AB /* Check Pods Manifest.lock */,
				6ED1070419EE5BD200E1F669 /* Sources */,
				6ED1070519EE5BD200E1F669 /* Frameworks */,
				6ED1070619EE5BD200E1F669 /* Resources */,
				B44070CEB5BC5B087B000C58 /* Copy Pods Resources */,
			);
			buildRules = (
			);
			dependencies = (
				6ED1070A19EE5BD200E1F669 /* PBXTargetDependency */,
			);
			name = HackerNewsTests;
			productName = HackerNewsTests;
			productReference = 6ED1070819EE5BD200E1F669 /* HackerNewsTests.xctest */;
			productType = "com.apple.product-type.bundle.unit-test";
		};
/* End PBXNativeTarget section */

/* Begin PBXProject section */
		6ED106E719EE5BD200E1F669 /* Project object */ = {
			isa = PBXProject;
			attributes = {
				LastUpgradeCheck = 0600;
				ORGANIZATIONNAME = wrkstrm;
				TargetAttributes = {
					6ED106EE19EE5BD200E1F669 = {
						CreatedOnToolsVersion = 6.0;
						DevelopmentTeam = BM6B69ZQSR;
					};
					6ED1070719EE5BD200E1F669 = {
						CreatedOnToolsVersion = 6.0;
						TestTargetID = 6ED106EE19EE5BD200E1F669;
					};
				};
			};
			buildConfigurationList = 6ED106EA19EE5BD200E1F669 /* Build configuration list for PBXProject "HackerNews" */;
			compatibilityVersion = "Xcode 3.2";
			developmentRegion = English;
			hasScannedForEncodings = 0;
			knownRegions = (
				en,
				Base,
			);
			mainGroup = 6ED106E619EE5BD200E1F669;
			productRefGroup = 6ED106F019EE5BD200E1F669 /* Products */;
			projectDirPath = "";
			projectReferences = (
				{
					ProductGroup = 6EC8D3071A16FCB3008A539A /* Products */;
					ProjectRef = 6EC8D3061A16FCB3008A539A /* Nimble.xcodeproj */;
				},
				{
					ProductGroup = 6EC8D2F71A16FCA1008A539A /* Products */;
					ProjectRef = 6EC8D2F61A16FCA1008A539A /* Quick.xcodeproj */;
				},
			);
			projectRoot = "";
			targets = (
				6ED106EE19EE5BD200E1F669 /* HackerNews */,
				6ED1070719EE5BD200E1F669 /* HackerNewsTests */,
			);
		};
/* End PBXProject section */

/* Begin PBXReferenceProxy section */
		6EC8D2FF1A16FCA1008A539A /* Quick.framework */ = {
			isa = PBXReferenceProxy;
			fileType = wrapper.framework;
			path = Quick.framework;
			remoteRef = 6EC8D2FE1A16FCA1008A539A /* PBXContainerItemProxy */;
			sourceTree = BUILT_PRODUCTS_DIR;
		};
		6EC8D3011A16FCA1008A539A /* Quick-OSXTests.xctest */ = {
			isa = PBXReferenceProxy;
			fileType = wrapper.cfbundle;
			path = "Quick-OSXTests.xctest";
			remoteRef = 6EC8D3001A16FCA1008A539A /* PBXContainerItemProxy */;
			sourceTree = BUILT_PRODUCTS_DIR;
		};
		6EC8D3031A16FCA1008A539A /* Quick.framework */ = {
			isa = PBXReferenceProxy;
			fileType = wrapper.framework;
			path = Quick.framework;
			remoteRef = 6EC8D3021A16FCA1008A539A /* PBXContainerItemProxy */;
			sourceTree = BUILT_PRODUCTS_DIR;
		};
		6EC8D3051A16FCA1008A539A /* Quick-iOSTests.xctest */ = {
			isa = PBXReferenceProxy;
			fileType = wrapper.cfbundle;
			path = "Quick-iOSTests.xctest";
			remoteRef = 6EC8D3041A16FCA1008A539A /* PBXContainerItemProxy */;
			sourceTree = BUILT_PRODUCTS_DIR;
		};
		6EC8D30E1A16FCB3008A539A /* Nimble.framework */ = {
			isa = PBXReferenceProxy;
			fileType = wrapper.framework;
			path = Nimble.framework;
			remoteRef = 6EC8D30D1A16FCB3008A539A /* PBXContainerItemProxy */;
			sourceTree = BUILT_PRODUCTS_DIR;
		};
		6EC8D3101A16FCB3008A539A /* NimbleTests.xctest */ = {
			isa = PBXReferenceProxy;
			fileType = wrapper.cfbundle;
			path = NimbleTests.xctest;
			remoteRef = 6EC8D30F1A16FCB3008A539A /* PBXContainerItemProxy */;
			sourceTree = BUILT_PRODUCTS_DIR;
		};
		6EC8D3121A16FCB3008A539A /* Nimble.framework */ = {
			isa = PBXReferenceProxy;
			fileType = wrapper.framework;
			path = Nimble.framework;
			remoteRef = 6EC8D3111A16FCB3008A539A /* PBXContainerItemProxy */;
			sourceTree = BUILT_PRODUCTS_DIR;
		};
		6EC8D3141A16FCB3008A539A /* Nimble-OSXTests.xctest */ = {
			isa = PBXReferenceProxy;
			fileType = wrapper.cfbundle;
			path = "Nimble-OSXTests.xctest";
			remoteRef = 6EC8D3131A16FCB3008A539A /* PBXContainerItemProxy */;
			sourceTree = BUILT_PRODUCTS_DIR;
		};
/* End PBXReferenceProxy section */

/* Begin PBXResourcesBuildPhase section */
		6ED106ED19EE5BD200E1F669 /* Resources */ = {
			isa = PBXResourcesBuildPhase;
			buildActionMask = 2147483647;
			files = (
				6E519E971A140AD300B42816 /* right_black@3x.png in Resources */,
				6ED106FE19EE5BD200E1F669 /* Main.storyboard in Resources */,
				6EFB719919F1CD3600830F79 /* secrets.json in Resources */,
				6ED1070319EE5BD200E1F669 /* LaunchScreen.xib in Resources */,
				6EDE0D8D1A00115800606558 /* web_black@2x.png in Resources */,
				6EDE0D8F1A00116F00606558 /* web_black@3x.png in Resources */,
				6E519E941A140AD300B42816 /* left_black@2x.png in Resources */,
				6E519E951A140AD300B42816 /* left_black@3x.png in Resources */,
				6ED1070019EE5BD200E1F669 /* Images.xcassets in Resources */,
				6E519E961A140AD300B42816 /* right_black@2x.png in Resources */,
			);
			runOnlyForDeploymentPostprocessing = 0;
		};
		6ED1070619EE5BD200E1F669 /* Resources */ = {
			isa = PBXResourcesBuildPhase;
			buildActionMask = 2147483647;
			files = (
				6EFB719A19F1CD3600830F79 /* secrets.json in Resources */,
			);
			runOnlyForDeploymentPostprocessing = 0;
		};
/* End PBXResourcesBuildPhase section */

/* Begin PBXShellScriptBuildPhase section */
		3F72ACD18130E3205785DDA7 /* Check Pods Manifest.lock */ = {
			isa = PBXShellScriptBuildPhase;
			buildActionMask = 2147483647;
			files = (
			);
			inputPaths = (
			);
			name = "Check Pods Manifest.lock";
			outputPaths = (
			);
			runOnlyForDeploymentPostprocessing = 0;
			shellPath = /bin/sh;
			shellScript = "diff \"${PODS_ROOT}/../Podfile.lock\" \"${PODS_ROOT}/Manifest.lock\" > /dev/null\nif [[ $? != 0 ]] ; then\n    cat << EOM\nerror: The sandbox is not in sync with the Podfile.lock. Run 'pod install' or update your CocoaPods installation.\nEOM\n    exit 1\nfi\n";
			showEnvVarsInLog = 0;
		};
		6E730AA319FAFBE300E412C3 /* ShellScript */ = {
			isa = PBXShellScriptBuildPhase;
			buildActionMask = 2147483647;
			files = (
			);
			inputPaths = (
			);
			outputPaths = (
			);
			runOnlyForDeploymentPostprocessing = 0;
			shellPath = /bin/sh;
			shellScript = "#!/bin/bash\nif [ -n \"$(find \"$PROJECT_DIR\" \\! -path \"*xcuserdata*\" \\! -path \"*.git\" -newer \"$INFOPLIST_FILE\")\" ]; then\nbuildNumber=$(/usr/libexec/PlistBuddy -c \"Print CFBundleVersion\" \"$INFOPLIST_FILE\")\nbuildNumber=$(($buildNumber + 1))\n/usr/libexec/PlistBuddy -c \"Set :CFBundleVersion $buildNumber\" \"$INFOPLIST_FILE\"\nfi";
		};
		B44070CEB5BC5B087B000C58 /* Copy Pods Resources */ = {
			isa = PBXShellScriptBuildPhase;
			buildActionMask = 2147483647;
			files = (
			);
			inputPaths = (
			);
			name = "Copy Pods Resources";
			outputPaths = (
			);
			runOnlyForDeploymentPostprocessing = 0;
			shellPath = /bin/sh;
			shellScript = "\"${SRCROOT}/Pods/Target Support Files/Pods-HackerNewsTests/Pods-HackerNewsTests-resources.sh\"\n";
			showEnvVarsInLog = 0;
		};
		CDED1F2C28A75D93C29D46AB /* Check Pods Manifest.lock */ = {
			isa = PBXShellScriptBuildPhase;
			buildActionMask = 2147483647;
			files = (
			);
			inputPaths = (
			);
			name = "Check Pods Manifest.lock";
			outputPaths = (
			);
			runOnlyForDeploymentPostprocessing = 0;
			shellPath = /bin/sh;
			shellScript = "diff \"${PODS_ROOT}/../Podfile.lock\" \"${PODS_ROOT}/Manifest.lock\" > /dev/null\nif [[ $? != 0 ]] ; then\n    cat << EOM\nerror: The sandbox is not in sync with the Podfile.lock. Run 'pod install' or update your CocoaPods installation.\nEOM\n    exit 1\nfi\n";
			showEnvVarsInLog = 0;
		};
		FD1C5E65A8DB1E3AAF37183A /* Copy Pods Resources */ = {
			isa = PBXShellScriptBuildPhase;
			buildActionMask = 2147483647;
			files = (
			);
			inputPaths = (
			);
			name = "Copy Pods Resources";
			outputPaths = (
			);
			runOnlyForDeploymentPostprocessing = 0;
			shellPath = /bin/sh;
			shellScript = "\"${SRCROOT}/Pods/Target Support Files/Pods-HackerNews/Pods-HackerNews-resources.sh\"\n";
			showEnvVarsInLog = 0;
		};
/* End PBXShellScriptBuildPhase section */

/* Begin PBXSourcesBuildPhase section */
		6ED106EB19EE5BD200E1F669 /* Sources */ = {
			isa = PBXSourcesBuildPhase;
			buildActionMask = 2147483647;
			files = (
				6EA970751A095B8A00EFD4E2 /* WebViewController.swift in Sources */,
				6E5EADC31A0F630700A19DA7 /* TopViewController.swift in Sources */,
				6ED106FB19EE5BD200E1F669 /* HNTopViewController.m in Sources */,
				6ED106F819EE5BD200E1F669 /* AppDelegate.m in Sources */,
				6E1A94E51A1C81ED00496CD7 /* CBLModel+WSMUtilities.m in Sources */,
				6E1A94D61A1C810700496CD7 /* HNUser.m in Sources */,
				6EDC46081A02C5A3005E92D0 /* NSCache+WSMUtilities.m in Sources */,
				6E124FBF1A035CAA00BF9ED5 /* UIView+WSMUtilities.m in Sources */,
				6ED106F519EE5BD200E1F669 /* main.m in Sources */,
				6E730AA219FAFB2500E412C3 /* UITableViewCell+HNHeadline.m in Sources */,
				6E1A94D71A1C810700496CD7 /* WSMUser.m in Sources */,
				6E124FC21A03678F00BF9ED5 /* CBLDocument+WSMUtilities.m in Sources */,
				6E5EADC71A1072CC00A19DA7 /* DynamicLogo.swift in Sources */,
				6E5EADC51A10694D00A19DA7 /* TextViewController.swift in Sources */,
			);
			runOnlyForDeploymentPostprocessing = 0;
		};
		6ED1070419EE5BD200E1F669 /* Sources */ = {
			isa = PBXSourcesBuildPhase;
			buildActionMask = 2147483647;
			files = (
				6EC8D31C1A16FD24008A539A /* HackerNewsTests.swift in Sources */,
				6ED1070F19EE5BD200E1F669 /* HackerNewsTests.m in Sources */,
			);
			runOnlyForDeploymentPostprocessing = 0;
		};
/* End PBXSourcesBuildPhase section */

/* Begin PBXTargetDependency section */
		6ED1070A19EE5BD200E1F669 /* PBXTargetDependency */ = {
			isa = PBXTargetDependency;
			target = 6ED106EE19EE5BD200E1F669 /* HackerNews */;
			targetProxy = 6ED1070919EE5BD200E1F669 /* PBXContainerItemProxy */;
		};
/* End PBXTargetDependency section */

/* Begin PBXVariantGroup section */
		6ED106FC19EE5BD200E1F669 /* Main.storyboard */ = {
			isa = PBXVariantGroup;
			children = (
				6ED106FD19EE5BD200E1F669 /* Base */,
			);
			name = Main.storyboard;
			sourceTree = "<group>";
		};
		6ED1070119EE5BD200E1F669 /* LaunchScreen.xib */ = {
			isa = PBXVariantGroup;
			children = (
				6ED1070219EE5BD200E1F669 /* Base */,
			);
			name = LaunchScreen.xib;
			sourceTree = "<group>";
		};
/* End PBXVariantGroup section */

/* Begin XCBuildConfiguration section */
		6ED1071019EE5BD200E1F669 /* Debug */ = {
			isa = XCBuildConfiguration;
			buildSettings = {
				ALWAYS_SEARCH_USER_PATHS = NO;
				CLANG_CXX_LANGUAGE_STANDARD = "gnu++0x";
				CLANG_CXX_LIBRARY = "libc++";
				CLANG_ENABLE_MODULES = YES;
				CLANG_ENABLE_OBJC_ARC = YES;
				CLANG_WARN_BOOL_CONVERSION = YES;
				CLANG_WARN_CONSTANT_CONVERSION = YES;
				CLANG_WARN_DIRECT_OBJC_ISA_USAGE = YES_ERROR;
				CLANG_WARN_EMPTY_BODY = YES;
				CLANG_WARN_ENUM_CONVERSION = YES;
				CLANG_WARN_INT_CONVERSION = YES;
				CLANG_WARN_OBJC_ROOT_CLASS = YES_ERROR;
				CLANG_WARN_UNREACHABLE_CODE = YES;
				CLANG_WARN__DUPLICATE_METHOD_MATCH = YES;
				"CODE_SIGN_IDENTITY[sdk=iphoneos*]" = "iPhone Developer";
				COPY_PHASE_STRIP = NO;
				ENABLE_STRICT_OBJC_MSGSEND = YES;
				GCC_C_LANGUAGE_STANDARD = gnu99;
				GCC_DYNAMIC_NO_PIC = NO;
				GCC_OPTIMIZATION_LEVEL = 0;
				GCC_PREPROCESSOR_DEFINITIONS = (
					"DEBUG=1",
					"$(inherited)",
				);
				GCC_SYMBOLS_PRIVATE_EXTERN = NO;
				GCC_WARN_64_TO_32_BIT_CONVERSION = YES;
				GCC_WARN_ABOUT_RETURN_TYPE = YES_ERROR;
				GCC_WARN_UNDECLARED_SELECTOR = YES;
				GCC_WARN_UNINITIALIZED_AUTOS = YES_AGGRESSIVE;
				GCC_WARN_UNUSED_FUNCTION = YES;
				GCC_WARN_UNUSED_VARIABLE = YES;
				IPHONEOS_DEPLOYMENT_TARGET = 8.0;
				MTL_ENABLE_DEBUG_INFO = YES;
				ONLY_ACTIVE_ARCH = YES;
				PRODUCT_MODULE_NAME = HackerNews;
				PRODUCT_NAME = "$(PRODUCT_NAME:c99extidentifier)";
				SDKROOT = iphoneos;
			};
			name = Debug;
		};
		6ED1071119EE5BD200E1F669 /* Release */ = {
			isa = XCBuildConfiguration;
			buildSettings = {
				ALWAYS_SEARCH_USER_PATHS = NO;
				CLANG_CXX_LANGUAGE_STANDARD = "gnu++0x";
				CLANG_CXX_LIBRARY = "libc++";
				CLANG_ENABLE_MODULES = YES;
				CLANG_ENABLE_OBJC_ARC = YES;
				CLANG_WARN_BOOL_CONVERSION = YES;
				CLANG_WARN_CONSTANT_CONVERSION = YES;
				CLANG_WARN_DIRECT_OBJC_ISA_USAGE = YES_ERROR;
				CLANG_WARN_EMPTY_BODY = YES;
				CLANG_WARN_ENUM_CONVERSION = YES;
				CLANG_WARN_INT_CONVERSION = YES;
				CLANG_WARN_OBJC_ROOT_CLASS = YES_ERROR;
				CLANG_WARN_UNREACHABLE_CODE = YES;
				CLANG_WARN__DUPLICATE_METHOD_MATCH = YES;
				"CODE_SIGN_IDENTITY[sdk=iphoneos*]" = "iPhone Developer";
				COPY_PHASE_STRIP = YES;
				ENABLE_NS_ASSERTIONS = NO;
				ENABLE_STRICT_OBJC_MSGSEND = YES;
				GCC_C_LANGUAGE_STANDARD = gnu99;
				GCC_WARN_64_TO_32_BIT_CONVERSION = YES;
				GCC_WARN_ABOUT_RETURN_TYPE = YES_ERROR;
				GCC_WARN_UNDECLARED_SELECTOR = YES;
				GCC_WARN_UNINITIALIZED_AUTOS = YES_AGGRESSIVE;
				GCC_WARN_UNUSED_FUNCTION = YES;
				GCC_WARN_UNUSED_VARIABLE = YES;
				IPHONEOS_DEPLOYMENT_TARGET = 8.0;
				MTL_ENABLE_DEBUG_INFO = NO;
				PRODUCT_MODULE_NAME = HackerNews;
				PRODUCT_NAME = "$(PRODUCT_NAME:c99extidentifier)";
				SDKROOT = iphoneos;
				VALIDATE_PRODUCT = YES;
			};
			name = Release;
		};
		6ED1071319EE5BD200E1F669 /* Debug */ = {
			isa = XCBuildConfiguration;
			baseConfigurationReference = 1749091DAE37B3D4B3DEFF1E /* Pods-HackerNews.debug.xcconfig */;
			buildSettings = {
				ASSETCATALOG_COMPILER_APPICON_NAME = AppIcon;
				CLANG_ENABLE_MODULES = YES;
				CLANG_STATIC_ANALYZER_MODE = deep;
				CLANG_WARN_OBJC_IMPLICIT_ATOMIC_PROPERTIES = YES;
				CLANG_WARN_SUSPICIOUS_IMPLICIT_CONVERSION = YES;
				CODE_SIGN_IDENTITY = "iPhone Developer";
				DEFINES_MODULE = YES;
				FRAMEWORK_SEARCH_PATHS = (
					"$(inherited)",
					"$(PROJECT_DIR)",
					"$(PROJECT_DIR)/vendor",
				);
				GCC_INCREASE_PRECOMPILED_HEADER_SHARING = YES;
				GCC_OPTIMIZATION_LEVEL = 3;
				GCC_PRECOMPILE_PREFIX_HEADER = YES;
				GCC_PREFIX_HEADER = "HackerNews/HackerNews-Prefix.pch";
				GCC_TREAT_IMPLICIT_FUNCTION_DECLARATIONS_AS_ERRORS = YES;
				GCC_UNROLL_LOOPS = YES;
				GCC_WARN_ABOUT_MISSING_NEWLINE = YES;
				GCC_WARN_UNKNOWN_PRAGMAS = YES;
				INFOPLIST_FILE = HackerNews/Info.plist;
				IPHONEOS_DEPLOYMENT_TARGET = 8.0;
				LD_RUNPATH_SEARCH_PATHS = "$(inherited) @executable_path/Frameworks";
				LIBRARY_SEARCH_PATHS = (
					"$(inherited)",
					"$(PROJECT_DIR)/Flurry",
					"$(PROJECT_DIR)/vendor/Flurry",
				);
				LLVM_LTO = YES;
				PRODUCT_NAME = "Hacker News";
				RUN_CLANG_STATIC_ANALYZER = YES;
				SWIFT_OBJC_BRIDGING_HEADER = "HackerNews/HackerNews-Bridging-Header.h";
				SWIFT_OPTIMIZATION_LEVEL = "-O";
			};
			name = Debug;
		};
		6ED1071419EE5BD200E1F669 /* Release */ = {
			isa = XCBuildConfiguration;
			baseConfigurationReference = E399C2BC9F636EE909A15CBC /* Pods-HackerNews.release.xcconfig */;
			buildSettings = {
				ASSETCATALOG_COMPILER_APPICON_NAME = AppIcon;
				CLANG_ENABLE_MODULES = YES;
				CLANG_STATIC_ANALYZER_MODE = deep;
				CLANG_WARN_OBJC_IMPLICIT_ATOMIC_PROPERTIES = YES;
				CLANG_WARN_SUSPICIOUS_IMPLICIT_CONVERSION = YES;
				CODE_SIGN_IDENTITY = "iPhone Developer";
				DEFINES_MODULE = YES;
				FRAMEWORK_SEARCH_PATHS = (
					"$(inherited)",
					"$(PROJECT_DIR)",
					"$(PROJECT_DIR)/vendor",
				);
				GCC_INCREASE_PRECOMPILED_HEADER_SHARING = YES;
				GCC_OPTIMIZATION_LEVEL = 3;
				GCC_PRECOMPILE_PREFIX_HEADER = YES;
				GCC_PREFIX_HEADER = "HackerNews/HackerNews-Prefix.pch";
				GCC_TREAT_IMPLICIT_FUNCTION_DECLARATIONS_AS_ERRORS = YES;
				GCC_UNROLL_LOOPS = YES;
				GCC_WARN_ABOUT_MISSING_NEWLINE = YES;
				GCC_WARN_UNKNOWN_PRAGMAS = YES;
				INFOPLIST_FILE = HackerNews/Info.plist;
				IPHONEOS_DEPLOYMENT_TARGET = 8.0;
				LD_RUNPATH_SEARCH_PATHS = "$(inherited) @executable_path/Frameworks";
				LIBRARY_SEARCH_PATHS = (
					"$(inherited)",
					"$(PROJECT_DIR)/Flurry",
					"$(PROJECT_DIR)/vendor/Flurry",
				);
				LLVM_LTO = YES;
				PRODUCT_NAME = "Hacker News";
				RUN_CLANG_STATIC_ANALYZER = YES;
				SWIFT_OBJC_BRIDGING_HEADER = "HackerNews/HackerNews-Bridging-Header.h";
				SWIFT_OPTIMIZATION_LEVEL = "-O";
			};
			name = Release;
		};
		6ED1071619EE5BD200E1F669 /* Debug */ = {
			isa = XCBuildConfiguration;
			baseConfigurationReference = 591A035AA7E80899E62C60B9 /* Pods-HackerNewsTests.debug.xcconfig */;
			buildSettings = {
				BUNDLE_LOADER = "$(TEST_HOST)";
				CLANG_ENABLE_MODULES = YES;
				FRAMEWORK_SEARCH_PATHS = (
					"$(SDKROOT)/Developer/Library/Frameworks",
					"$(inherited)",
					"$(PROJECT_DIR)",
					"$(USER_LIBRARY_DIR)/Developer/Xcode/DerivedData/HackerNews-cnqwolxlzomlwzdmapzamyomqobn/Build/Products/Debug-iphoneos",
					"$(PROJECT_DIR)/vendor",
				);
				GCC_PREPROCESSOR_DEFINITIONS = (
					"DEBUG=1",
					"$(inherited)",
				);
				INFOPLIST_FILE = HackerNewsTests/Info.plist;
				LD_RUNPATH_SEARCH_PATHS = "$(inherited) @executable_path/Frameworks @loader_path/Frameworks";
				LIBRARY_SEARCH_PATHS = (
					"$(inherited)",
					"$(PROJECT_DIR)/Flurry",
				);
				PRODUCT_NAME = "$(TARGET_NAME)";
				SWIFT_OBJC_BRIDGING_HEADER = "HackerNews/HackerNews-Bridging-Header.h";
				SWIFT_OPTIMIZATION_LEVEL = "-Onone";
				TEST_HOST = "$(BUILT_PRODUCTS_DIR)/Hacker News.app/Hacker News";
			};
			name = Debug;
		};
		6ED1071719EE5BD200E1F669 /* Release */ = {
			isa = XCBuildConfiguration;
			baseConfigurationReference = 6028C4209F00A205B7FFD67D /* Pods-HackerNewsTests.release.xcconfig */;
			buildSettings = {
				BUNDLE_LOADER = "$(TEST_HOST)";
				CLANG_ENABLE_MODULES = YES;
				FRAMEWORK_SEARCH_PATHS = (
					"$(SDKROOT)/Developer/Library/Frameworks",
					"$(inherited)",
					"$(PROJECT_DIR)",
					"$(USER_LIBRARY_DIR)/Developer/Xcode/DerivedData/HackerNews-cnqwolxlzomlwzdmapzamyomqobn/Build/Products/Debug-iphoneos",
					"$(PROJECT_DIR)/vendor",
				);
				INFOPLIST_FILE = HackerNewsTests/Info.plist;
				LD_RUNPATH_SEARCH_PATHS = "$(inherited) @executable_path/Frameworks @loader_path/Frameworks";
				LIBRARY_SEARCH_PATHS = (
					"$(inherited)",
					"$(PROJECT_DIR)/Flurry",
				);
				PRODUCT_NAME = "$(TARGET_NAME)";
				SWIFT_OBJC_BRIDGING_HEADER = "HackerNews/HackerNews-Bridging-Header.h";
				TEST_HOST = "$(BUILT_PRODUCTS_DIR)/Hacker News.app/Hacker News";
			};
			name = Release;
		};
/* End XCBuildConfiguration section */

/* Begin XCConfigurationList section */
		6ED106EA19EE5BD200E1F669 /* Build configuration list for PBXProject "HackerNews" */ = {
			isa = XCConfigurationList;
			buildConfigurations = (
				6ED1071019EE5BD200E1F669 /* Debug */,
				6ED1071119EE5BD200E1F669 /* Release */,
			);
			defaultConfigurationIsVisible = 0;
			defaultConfigurationName = Release;
		};
		6ED1071219EE5BD200E1F669 /* Build configuration list for PBXNativeTarget "HackerNews" */ = {
			isa = XCConfigurationList;
			buildConfigurations = (
				6ED1071319EE5BD200E1F669 /* Debug */,
				6ED1071419EE5BD200E1F669 /* Release */,
			);
			defaultConfigurationIsVisible = 0;
			defaultConfigurationName = Release;
		};
		6ED1071519EE5BD200E1F669 /* Build configuration list for PBXNativeTarget "HackerNewsTests" */ = {
			isa = XCConfigurationList;
			buildConfigurations = (
				6ED1071619EE5BD200E1F669 /* Debug */,
				6ED1071719EE5BD200E1F669 /* Release */,
			);
			defaultConfigurationIsVisible = 0;
			defaultConfigurationName = Release;
		};
/* End XCConfigurationList section */
	};
	rootObject = 6ED106E719EE5BD200E1F669 /* Project object */;
}
