// !$*UTF8*$!
{
	archiveVersion = 1;
	classes = {
	};
	objectVersion = 46;
	objects = {

/* Begin PBXBuildFile section */
		50715148D34F3DD84DCBFE92 /* libPods-HackerNews.a in Frameworks */ = {isa = PBXBuildFile; fileRef = 84F760F72ADC1DBF0D222370 /* libPods-HackerNews.a */; };
		57E5A44C182C9A8C9874C1CF /* libPods-HackerNewsTests.a in Frameworks */ = {isa = PBXBuildFile; fileRef = 48746723D5B08E8978414CA7 /* libPods-HackerNewsTests.a */; };
		6E11DA0C19EE672100A75579 /* libz.dylib in Frameworks */ = {isa = PBXBuildFile; fileRef = 6E11DA0B19EE672100A75579 /* libz.dylib */; };
		6E11DA0E19EE672B00A75579 /* SystemConfiguration.framework in Frameworks */ = {isa = PBXBuildFile; fileRef = 6E11DA0D19EE672B00A75579 /* SystemConfiguration.framework */; };
		6E11DA1019EE673400A75579 /* Security.framework in Frameworks */ = {isa = PBXBuildFile; fileRef = 6E11DA0F19EE673400A75579 /* Security.framework */; };
		6E11DA1119EE673E00A75579 /* CFNetwork.framework in Frameworks */ = {isa = PBXBuildFile; fileRef = 6ED1071C19EE5DB400E1F669 /* CFNetwork.framework */; };
		6E11DA1219EE675D00A75579 /* libc++.dylib in Frameworks */ = {isa = PBXBuildFile; fileRef = 6ED1071A19EE5DA900E1F669 /* libc++.dylib */; };
		6E11DA1419EE676600A75579 /* MobileCoreServices.framework in Frameworks */ = {isa = PBXBuildFile; fileRef = 6E11DA1319EE676600A75579 /* MobileCoreServices.framework */; };
		6E11DA1619EE677600A75579 /* libsqlite3.dylib in Frameworks */ = {isa = PBXBuildFile; fileRef = 6E11DA1519EE677600A75579 /* libsqlite3.dylib */; };
		6E397BDA19F2680100697A8D /* HNTextViewController.m in Sources */ = {isa = PBXBuildFile; fileRef = 6E397BD919F2680100697A8D /* HNTextViewController.m */; };
		6E3FE97019F1E5EE0055964F /* HNDynamicLogo.m in Sources */ = {isa = PBXBuildFile; fileRef = 6E3FE96F19F1E5EE0055964F /* HNDynamicLogo.m */; };
		6E45657119FB23A100856F74 /* CouchbaseLite.framework in Frameworks */ = {isa = PBXBuildFile; fileRef = 6E45657019FB23A100856F74 /* CouchbaseLite.framework */; };
		6E45657519FB23C100856F74 /* libFlurry_5.4.0.a in Frameworks */ = {isa = PBXBuildFile; fileRef = 6E45657419FB23C100856F74 /* libFlurry_5.4.0.a */; };
		6E730AA219FAFB2500E412C3 /* UITableViewCell+HNHeadline.m in Sources */ = {isa = PBXBuildFile; fileRef = 6E730AA119FAFB2500E412C3 /* UITableViewCell+HNHeadline.m */; };
		6EC5E9421A02D8B900992C6B /* HNSplitViewController.m in Sources */ = {isa = PBXBuildFile; fileRef = 6EC5E9411A02D8B900992C6B /* HNSplitViewController.m */; };
		6ED106F519EE5BD200E1F669 /* main.m in Sources */ = {isa = PBXBuildFile; fileRef = 6ED106F419EE5BD200E1F669 /* main.m */; };
		6ED106F819EE5BD200E1F669 /* AppDelegate.m in Sources */ = {isa = PBXBuildFile; fileRef = 6ED106F719EE5BD200E1F669 /* AppDelegate.m */; };
		6ED106FB19EE5BD200E1F669 /* HNTopViewController.m in Sources */ = {isa = PBXBuildFile; fileRef = 6ED106FA19EE5BD200E1F669 /* HNTopViewController.m */; };
		6ED106FE19EE5BD200E1F669 /* Main.storyboard in Resources */ = {isa = PBXBuildFile; fileRef = 6ED106FC19EE5BD200E1F669 /* Main.storyboard */; };
		6ED1070019EE5BD200E1F669 /* Images.xcassets in Resources */ = {isa = PBXBuildFile; fileRef = 6ED106FF19EE5BD200E1F669 /* Images.xcassets */; };
		6ED1070319EE5BD200E1F669 /* LaunchScreen.xib in Resources */ = {isa = PBXBuildFile; fileRef = 6ED1070119EE5BD200E1F669 /* LaunchScreen.xib */; };
		6ED1070F19EE5BD200E1F669 /* HackerNewsTests.m in Sources */ = {isa = PBXBuildFile; fileRef = 6ED1070E19EE5BD200E1F669 /* HackerNewsTests.m */; };
		6EDC46081A02C5A3005E92D0 /* NSCache+WSMUtilities.m in Sources */ = {isa = PBXBuildFile; fileRef = 6EDC46071A02C5A3005E92D0 /* NSCache+WSMUtilities.m */; };
		6EDE0D8D1A00115800606558 /* web_black@2x.png in Resources */ = {isa = PBXBuildFile; fileRef = 6EDE0D8C1A00115800606558 /* web_black@2x.png */; };
		6EDE0D8F1A00116F00606558 /* web_black@3x.png in Resources */ = {isa = PBXBuildFile; fileRef = 6EDE0D8E1A00116F00606558 /* web_black@3x.png */; };
		6EEAEFA519EF6B8C00CFD62E /* HNWebViewController.m in Sources */ = {isa = PBXBuildFile; fileRef = 6EEAEFA419EF6B8C00CFD62E /* HNWebViewController.m */; };
		6EFB719919F1CD3600830F79 /* secrets.json in Resources */ = {isa = PBXBuildFile; fileRef = 6EFB719819F1CD3600830F79 /* secrets.json */; };
		6EFB719A19F1CD3600830F79 /* secrets.json in Resources */ = {isa = PBXBuildFile; fileRef = 6EFB719819F1CD3600830F79 /* secrets.json */; };
/* End PBXBuildFile section */

/* Begin PBXContainerItemProxy section */
		6ED1070919EE5BD200E1F669 /* PBXContainerItemProxy */ = {
			isa = PBXContainerItemProxy;
			containerPortal = 6ED106E719EE5BD200E1F669 /* Project object */;
			proxyType = 1;
			remoteGlobalIDString = 6ED106EE19EE5BD200E1F669;
			remoteInfo = HackerNews;
		};
/* End PBXContainerItemProxy section */

/* Begin PBXFileReference section */
		1749091DAE37B3D4B3DEFF1E /* Pods-HackerNews.debug.xcconfig */ = {isa = PBXFileReference; includeInIndex = 1; lastKnownFileType = text.xcconfig; name = "Pods-HackerNews.debug.xcconfig"; path = "Pods/Target Support Files/Pods-HackerNews/Pods-HackerNews.debug.xcconfig"; sourceTree = "<group>"; };
		48746723D5B08E8978414CA7 /* libPods-HackerNewsTests.a */ = {isa = PBXFileReference; explicitFileType = archive.ar; includeInIndex = 0; path = "libPods-HackerNewsTests.a"; sourceTree = BUILT_PRODUCTS_DIR; };
		591A035AA7E80899E62C60B9 /* Pods-HackerNewsTests.debug.xcconfig */ = {isa = PBXFileReference; includeInIndex = 1; lastKnownFileType = text.xcconfig; name = "Pods-HackerNewsTests.debug.xcconfig"; path = "Pods/Target Support Files/Pods-HackerNewsTests/Pods-HackerNewsTests.debug.xcconfig"; sourceTree = "<group>"; };
		6028C4209F00A205B7FFD67D /* Pods-HackerNewsTests.release.xcconfig */ = {isa = PBXFileReference; includeInIndex = 1; lastKnownFileType = text.xcconfig; name = "Pods-HackerNewsTests.release.xcconfig"; path = "Pods/Target Support Files/Pods-HackerNewsTests/Pods-HackerNewsTests.release.xcconfig"; sourceTree = "<group>"; };
		6E11DA0B19EE672100A75579 /* libz.dylib */ = {isa = PBXFileReference; lastKnownFileType = "compiled.mach-o.dylib"; name = libz.dylib; path = usr/lib/libz.dylib; sourceTree = SDKROOT; };
		6E11DA0D19EE672B00A75579 /* SystemConfiguration.framework */ = {isa = PBXFileReference; lastKnownFileType = wrapper.framework; name = SystemConfiguration.framework; path = System/Library/Frameworks/SystemConfiguration.framework; sourceTree = SDKROOT; };
		6E11DA0F19EE673400A75579 /* Security.framework */ = {isa = PBXFileReference; lastKnownFileType = wrapper.framework; name = Security.framework; path = System/Library/Frameworks/Security.framework; sourceTree = SDKROOT; };
		6E11DA1319EE676600A75579 /* MobileCoreServices.framework */ = {isa = PBXFileReference; lastKnownFileType = wrapper.framework; name = MobileCoreServices.framework; path = System/Library/Frameworks/MobileCoreServices.framework; sourceTree = SDKROOT; };
		6E11DA1519EE677600A75579 /* libsqlite3.dylib */ = {isa = PBXFileReference; lastKnownFileType = "compiled.mach-o.dylib"; name = libsqlite3.dylib; path = usr/lib/libsqlite3.dylib; sourceTree = SDKROOT; };
		6E397BD819F2680100697A8D /* HNTextViewController.h */ = {isa = PBXFileReference; fileEncoding = 4; lastKnownFileType = sourcecode.c.h; path = HNTextViewController.h; sourceTree = "<group>"; };
		6E397BD919F2680100697A8D /* HNTextViewController.m */ = {isa = PBXFileReference; fileEncoding = 4; lastKnownFileType = sourcecode.c.objc; path = HNTextViewController.m; sourceTree = "<group>"; };
		6E3FE96E19F1E5EE0055964F /* HNDynamicLogo.h */ = {isa = PBXFileReference; fileEncoding = 4; lastKnownFileType = sourcecode.c.h; path = HNDynamicLogo.h; sourceTree = "<group>"; };
		6E3FE96F19F1E5EE0055964F /* HNDynamicLogo.m */ = {isa = PBXFileReference; fileEncoding = 4; lastKnownFileType = sourcecode.c.objc; path = HNDynamicLogo.m; sourceTree = "<group>"; };
		6E45657019FB23A100856F74 /* CouchbaseLite.framework */ = {isa = PBXFileReference; lastKnownFileType = wrapper.framework; name = CouchbaseLite.framework; path = vendor/CouchbaseLite.framework; sourceTree = "<group>"; };
		6E45657319FB23C100856F74 /* Flurry.h */ = {isa = PBXFileReference; fileEncoding = 4; lastKnownFileType = sourcecode.c.h; path = Flurry.h; sourceTree = "<group>"; };
		6E45657419FB23C100856F74 /* libFlurry_5.4.0.a */ = {isa = PBXFileReference; lastKnownFileType = archive.ar; path = libFlurry_5.4.0.a; sourceTree = "<group>"; };
		6E730AA019FAFB2500E412C3 /* UITableViewCell+HNHeadline.h */ = {isa = PBXFileReference; fileEncoding = 4; lastKnownFileType = sourcecode.c.h; path = "UITableViewCell+HNHeadline.h"; sourceTree = "<group>"; };
		6E730AA119FAFB2500E412C3 /* UITableViewCell+HNHeadline.m */ = {isa = PBXFileReference; fileEncoding = 4; lastKnownFileType = sourcecode.c.objc; path = "UITableViewCell+HNHeadline.m"; sourceTree = "<group>"; };
		6EC5E9401A02D8B900992C6B /* HNSplitViewController.h */ = {isa = PBXFileReference; fileEncoding = 4; lastKnownFileType = sourcecode.c.h; path = HNSplitViewController.h; sourceTree = "<group>"; };
		6EC5E9411A02D8B900992C6B /* HNSplitViewController.m */ = {isa = PBXFileReference; fileEncoding = 4; lastKnownFileType = sourcecode.c.objc; path = HNSplitViewController.m; sourceTree = "<group>"; };
		6ED106EF19EE5BD200E1F669 /* Hacker News.app */ = {isa = PBXFileReference; explicitFileType = wrapper.application; includeInIndex = 0; path = "Hacker News.app"; sourceTree = BUILT_PRODUCTS_DIR; };
		6ED106F319EE5BD200E1F669 /* Info.plist */ = {isa = PBXFileReference; lastKnownFileType = text.plist.xml; path = Info.plist; sourceTree = "<group>"; };
		6ED106F419EE5BD200E1F669 /* main.m */ = {isa = PBXFileReference; lastKnownFileType = sourcecode.c.objc; path = main.m; sourceTree = "<group>"; };
		6ED106F619EE5BD200E1F669 /* AppDelegate.h */ = {isa = PBXFileReference; lastKnownFileType = sourcecode.c.h; path = AppDelegate.h; sourceTree = "<group>"; };
		6ED106F719EE5BD200E1F669 /* AppDelegate.m */ = {isa = PBXFileReference; lastKnownFileType = sourcecode.c.objc; path = AppDelegate.m; sourceTree = "<group>"; };
		6ED106F919EE5BD200E1F669 /* HNTopViewController.h */ = {isa = PBXFileReference; lastKnownFileType = sourcecode.c.h; path = HNTopViewController.h; sourceTree = "<group>"; };
		6ED106FA19EE5BD200E1F669 /* HNTopViewController.m */ = {isa = PBXFileReference; lastKnownFileType = sourcecode.c.objc; path = HNTopViewController.m; sourceTree = "<group>"; };
		6ED106FD19EE5BD200E1F669 /* Base */ = {isa = PBXFileReference; lastKnownFileType = file.storyboard; name = Base; path = Base.lproj/Main.storyboard; sourceTree = "<group>"; };
		6ED106FF19EE5BD200E1F669 /* Images.xcassets */ = {isa = PBXFileReference; lastKnownFileType = folder.assetcatalog; path = Images.xcassets; sourceTree = "<group>"; };
		6ED1070219EE5BD200E1F669 /* Base */ = {isa = PBXFileReference; lastKnownFileType = file.xib; name = Base; path = Base.lproj/LaunchScreen.xib; sourceTree = "<group>"; };
		6ED1070819EE5BD200E1F669 /* HackerNewsTests.xctest */ = {isa = PBXFileReference; explicitFileType = wrapper.cfbundle; includeInIndex = 0; path = HackerNewsTests.xctest; sourceTree = BUILT_PRODUCTS_DIR; };
		6ED1070D19EE5BD200E1F669 /* Info.plist */ = {isa = PBXFileReference; lastKnownFileType = text.plist.xml; path = Info.plist; sourceTree = "<group>"; };
		6ED1070E19EE5BD200E1F669 /* HackerNewsTests.m */ = {isa = PBXFileReference; lastKnownFileType = sourcecode.c.objc; path = HackerNewsTests.m; sourceTree = "<group>"; };
		6ED1071819EE5D9F00E1F669 /* libicucore.dylib */ = {isa = PBXFileReference; lastKnownFileType = "compiled.mach-o.dylib"; name = libicucore.dylib; path = usr/lib/libicucore.dylib; sourceTree = SDKROOT; };
		6ED1071A19EE5DA900E1F669 /* libc++.dylib */ = {isa = PBXFileReference; lastKnownFileType = "compiled.mach-o.dylib"; name = "libc++.dylib"; path = "usr/lib/libc++.dylib"; sourceTree = SDKROOT; };
		6ED1071C19EE5DB400E1F669 /* CFNetwork.framework */ = {isa = PBXFileReference; lastKnownFileType = wrapper.framework; name = CFNetwork.framework; path = System/Library/Frameworks/CFNetwork.framework; sourceTree = SDKROOT; };
		6ED1071E19EE5EAE00E1F669 /* HackerNews-Prefix.pch */ = {isa = PBXFileReference; lastKnownFileType = sourcecode.c.h; path = "HackerNews-Prefix.pch"; sourceTree = "<group>"; };
		6EDC46061A02C5A3005E92D0 /* NSCache+WSMUtilities.h */ = {isa = PBXFileReference; fileEncoding = 4; lastKnownFileType = sourcecode.c.h; path = "NSCache+WSMUtilities.h"; sourceTree = "<group>"; };
		6EDC46071A02C5A3005E92D0 /* NSCache+WSMUtilities.m */ = {isa = PBXFileReference; fileEncoding = 4; lastKnownFileType = sourcecode.c.objc; path = "NSCache+WSMUtilities.m"; sourceTree = "<group>"; };
		6EDE0D8C1A00115800606558 /* web_black@2x.png */ = {isa = PBXFileReference; lastKnownFileType = image.png; path = "web_black@2x.png"; sourceTree = "<group>"; };
		6EDE0D8E1A00116F00606558 /* web_black@3x.png */ = {isa = PBXFileReference; lastKnownFileType = image.png; path = "web_black@3x.png"; sourceTree = "<group>"; };
		6EEAEFA319EF6B8C00CFD62E /* HNWebViewController.h */ = {isa = PBXFileReference; fileEncoding = 4; lastKnownFileType = sourcecode.c.h; path = HNWebViewController.h; sourceTree = "<group>"; };
		6EEAEFA419EF6B8C00CFD62E /* HNWebViewController.m */ = {isa = PBXFileReference; fileEncoding = 4; lastKnownFileType = sourcecode.c.objc; path = HNWebViewController.m; sourceTree = "<group>"; };
		6EFB719819F1CD3600830F79 /* secrets.json */ = {isa = PBXFileReference; fileEncoding = 4; lastKnownFileType = text.json; path = secrets.json; sourceTree = "<group>"; };
		84F760F72ADC1DBF0D222370 /* libPods-HackerNews.a */ = {isa = PBXFileReference; explicitFileType = archive.ar; includeInIndex = 0; path = "libPods-HackerNews.a"; sourceTree = BUILT_PRODUCTS_DIR; };
		E399C2BC9F636EE909A15CBC /* Pods-HackerNews.release.xcconfig */ = {isa = PBXFileReference; includeInIndex = 1; lastKnownFileType = text.xcconfig; name = "Pods-HackerNews.release.xcconfig"; path = "Pods/Target Support Files/Pods-HackerNews/Pods-HackerNews.release.xcconfig"; sourceTree = "<group>"; };
/* End PBXFileReference section */

/* Begin PBXFrameworksBuildPhase section */
		6ED106EC19EE5BD200E1F669 /* Frameworks */ = {
			isa = PBXFrameworksBuildPhase;
			buildActionMask = 2147483647;
			files = (
				6E45657119FB23A100856F74 /* CouchbaseLite.framework in Frameworks */,
				6E11DA1619EE677600A75579 /* libsqlite3.dylib in Frameworks */,
				6E11DA1419EE676600A75579 /* MobileCoreServices.framework in Frameworks */,
				6E11DA1219EE675D00A75579 /* libc++.dylib in Frameworks */,
				6E11DA1119EE673E00A75579 /* CFNetwork.framework in Frameworks */,
				6E45657519FB23C100856F74 /* libFlurry_5.4.0.a in Frameworks */,
				6E11DA1019EE673400A75579 /* Security.framework in Frameworks */,
				6E11DA0E19EE672B00A75579 /* SystemConfiguration.framework in Frameworks */,
				6E11DA0C19EE672100A75579 /* libz.dylib in Frameworks */,
				50715148D34F3DD84DCBFE92 /* libPods-HackerNews.a in Frameworks */,
			);
			runOnlyForDeploymentPostprocessing = 0;
		};
		6ED1070519EE5BD200E1F669 /* Frameworks */ = {
			isa = PBXFrameworksBuildPhase;
			buildActionMask = 2147483647;
			files = (
				57E5A44C182C9A8C9874C1CF /* libPods-HackerNewsTests.a in Frameworks */,
			);
			runOnlyForDeploymentPostprocessing = 0;
		};
/* End PBXFrameworksBuildPhase section */

/* Begin PBXGroup section */
		6E397BD719F24B9F00697A8D /* Views */ = {
			isa = PBXGroup;
			children = (
				6ED1070119EE5BD200E1F669 /* LaunchScreen.xib */,
				6ED106FC19EE5BD200E1F669 /* Main.storyboard */,
				6E3FE96E19F1E5EE0055964F /* HNDynamicLogo.h */,
				6E3FE96F19F1E5EE0055964F /* HNDynamicLogo.m */,
				6E730AA019FAFB2500E412C3 /* UITableViewCell+HNHeadline.h */,
				6E730AA119FAFB2500E412C3 /* UITableViewCell+HNHeadline.m */,
				6ED106FF19EE5BD200E1F669 /* Images.xcassets */,
			);
			name = Views;
			sourceTree = "<group>";
		};
		6E3FE97119F1E9E40055964F /* Controllers */ = {
			isa = PBXGroup;
			children = (
				6EC5E9401A02D8B900992C6B /* HNSplitViewController.h */,
				6EC5E9411A02D8B900992C6B /* HNSplitViewController.m */,
				6ED106F919EE5BD200E1F669 /* HNTopViewController.h */,
				6ED106FA19EE5BD200E1F669 /* HNTopViewController.m */,
				6EEAEFA319EF6B8C00CFD62E /* HNWebViewController.h */,
				6EEAEFA419EF6B8C00CFD62E /* HNWebViewController.m */,
				6E397BD819F2680100697A8D /* HNTextViewController.h */,
				6E397BD919F2680100697A8D /* HNTextViewController.m */,
			);
			name = Controllers;
			sourceTree = "<group>";
		};
		6E45657219FB23C100856F74 /* Flurry */ = {
			isa = PBXGroup;
			children = (
				6E45657319FB23C100856F74 /* Flurry.h */,
				6E45657419FB23C100856F74 /* libFlurry_5.4.0.a */,
			);
			name = Flurry;
			path = vendor/Flurry;
			sourceTree = "<group>";
		};
		6ED106E619EE5BD200E1F669 = {
			isa = PBXGroup;
			children = (
				6ED106F119EE5BD200E1F669 /* HackerNews */,
				6ED1070B19EE5BD200E1F669 /* HackerNewsTests */,
				6ED106F019EE5BD200E1F669 /* Products */,
				8D3D144C0167EB48B3DCB436 /* Pods */,
				A8F0BE3B291D393CF1C701C6 /* Frameworks */,
			);
			sourceTree = "<group>";
		};
		6ED106F019EE5BD200E1F669 /* Products */ = {
			isa = PBXGroup;
			children = (
				6ED106EF19EE5BD200E1F669 /* Hacker News.app */,
				6ED1070819EE5BD200E1F669 /* HackerNewsTests.xctest */,
			);
			name = Products;
			sourceTree = "<group>";
		};
		6ED106F119EE5BD200E1F669 /* HackerNews */ = {
			isa = PBXGroup;
			children = (
				6ED106F619EE5BD200E1F669 /* AppDelegate.h */,
				6ED106F719EE5BD200E1F669 /* AppDelegate.m */,
				6E3FE97119F1E9E40055964F /* Controllers */,
				6E397BD719F24B9F00697A8D /* Views */,
				6ED106F219EE5BD200E1F669 /* Supporting Files */,
			);
			path = HackerNews;
			sourceTree = "<group>";
		};
		6ED106F219EE5BD200E1F669 /* Supporting Files */ = {
			isa = PBXGroup;
			children = (
				6EDC46061A02C5A3005E92D0 /* NSCache+WSMUtilities.h */,
				6EDC46071A02C5A3005E92D0 /* NSCache+WSMUtilities.m */,
				6EDE0D8C1A00115800606558 /* web_black@2x.png */,
				6EDE0D8E1A00116F00606558 /* web_black@3x.png */,
				6ED1071E19EE5EAE00E1F669 /* HackerNews-Prefix.pch */,
				6EFB719819F1CD3600830F79 /* secrets.json */,
				6ED106F319EE5BD200E1F669 /* Info.plist */,
				6ED106F419EE5BD200E1F669 /* main.m */,
			);
			name = "Supporting Files";
			sourceTree = "<group>";
		};
		6ED1070B19EE5BD200E1F669 /* HackerNewsTests */ = {
			isa = PBXGroup;
			children = (
				6ED1070E19EE5BD200E1F669 /* HackerNewsTests.m */,
				6ED1070C19EE5BD200E1F669 /* Supporting Files */,
			);
			path = HackerNewsTests;
			sourceTree = "<group>";
		};
		6ED1070C19EE5BD200E1F669 /* Supporting Files */ = {
			isa = PBXGroup;
			children = (
				6ED1070D19EE5BD200E1F669 /* Info.plist */,
			);
			name = "Supporting Files";
			sourceTree = "<group>";
		};
		8D3D144C0167EB48B3DCB436 /* Pods */ = {
			isa = PBXGroup;
			children = (
				1749091DAE37B3D4B3DEFF1E /* Pods-HackerNews.debug.xcconfig */,
				E399C2BC9F636EE909A15CBC /* Pods-HackerNews.release.xcconfig */,
				591A035AA7E80899E62C60B9 /* Pods-HackerNewsTests.debug.xcconfig */,
				6028C4209F00A205B7FFD67D /* Pods-HackerNewsTests.release.xcconfig */,
			);
			name = Pods;
			sourceTree = "<group>";
		};
		A8F0BE3B291D393CF1C701C6 /* Frameworks */ = {
			isa = PBXGroup;
			children = (
				6E45657219FB23C100856F74 /* Flurry */,
				6E45657019FB23A100856F74 /* CouchbaseLite.framework */,
				6E11DA1519EE677600A75579 /* libsqlite3.dylib */,
				6E11DA1319EE676600A75579 /* MobileCoreServices.framework */,
				6E11DA0F19EE673400A75579 /* Security.framework */,
				6E11DA0D19EE672B00A75579 /* SystemConfiguration.framework */,
				6E11DA0B19EE672100A75579 /* libz.dylib */,
				6ED1071C19EE5DB400E1F669 /* CFNetwork.framework */,
				6ED1071A19EE5DA900E1F669 /* libc++.dylib */,
				6ED1071819EE5D9F00E1F669 /* libicucore.dylib */,
				84F760F72ADC1DBF0D222370 /* libPods-HackerNews.a */,
				48746723D5B08E8978414CA7 /* libPods-HackerNewsTests.a */,
			);
			name = Frameworks;
			sourceTree = "<group>";
		};
/* End PBXGroup section */

/* Begin PBXNativeTarget section */
		6ED106EE19EE5BD200E1F669 /* HackerNews */ = {
			isa = PBXNativeTarget;
			buildConfigurationList = 6ED1071219EE5BD200E1F669 /* Build configuration list for PBXNativeTarget "HackerNews" */;
			buildPhases = (
				3F72ACD18130E3205785DDA7 /* Check Pods Manifest.lock */,
				6ED106EB19EE5BD200E1F669 /* Sources */,
				6ED106EC19EE5BD200E1F669 /* Frameworks */,
				6ED106ED19EE5BD200E1F669 /* Resources */,
				FD1C5E65A8DB1E3AAF37183A /* Copy Pods Resources */,
				6E730AA319FAFBE300E412C3 /* ShellScript */,
			);
			buildRules = (
			);
			dependencies = (
			);
			name = HackerNews;
			productName = HackerNews;
			productReference = 6ED106EF19EE5BD200E1F669 /* Hacker News.app */;
			productType = "com.apple.product-type.application";
		};
		6ED1070719EE5BD200E1F669 /* HackerNewsTests */ = {
			isa = PBXNativeTarget;
			buildConfigurationList = 6ED1071519EE5BD200E1F669 /* Build configuration list for PBXNativeTarget "HackerNewsTests" */;
			buildPhases = (
				CDED1F2C28A75D93C29D46AB /* Check Pods Manifest.lock */,
				6ED1070419EE5BD200E1F669 /* Sources */,
				6ED1070519EE5BD200E1F669 /* Frameworks */,
				6ED1070619EE5BD200E1F669 /* Resources */,
				B44070CEB5BC5B087B000C58 /* Copy Pods Resources */,
			);
			buildRules = (
			);
			dependencies = (
				6ED1070A19EE5BD200E1F669 /* PBXTargetDependency */,
			);
			name = HackerNewsTests;
			productName = HackerNewsTests;
			productReference = 6ED1070819EE5BD200E1F669 /* HackerNewsTests.xctest */;
			productType = "com.apple.product-type.bundle.unit-test";
		};
/* End PBXNativeTarget section */

/* Begin PBXProject section */
		6ED106E719EE5BD200E1F669 /* Project object */ = {
			isa = PBXProject;
			attributes = {
				LastUpgradeCheck = 0600;
				ORGANIZATIONNAME = wrkstrm;
				TargetAttributes = {
					6ED106EE19EE5BD200E1F669 = {
						CreatedOnToolsVersion = 6.0;
					};
					6ED1070719EE5BD200E1F669 = {
						CreatedOnToolsVersion = 6.0;
						TestTargetID = 6ED106EE19EE5BD200E1F669;
					};
				};
			};
			buildConfigurationList = 6ED106EA19EE5BD200E1F669 /* Build configuration list for PBXProject "HackerNews" */;
			compatibilityVersion = "Xcode 3.2";
			developmentRegion = English;
			hasScannedForEncodings = 0;
			knownRegions = (
				en,
				Base,
			);
			mainGroup = 6ED106E619EE5BD200E1F669;
			productRefGroup = 6ED106F019EE5BD200E1F669 /* Products */;
			projectDirPath = "";
			projectRoot = "";
			targets = (
				6ED106EE19EE5BD200E1F669 /* HackerNews */,
				6ED1070719EE5BD200E1F669 /* HackerNewsTests */,
			);
		};
/* End PBXProject section */

/* Begin PBXResourcesBuildPhase section */
		6ED106ED19EE5BD200E1F669 /* Resources */ = {
			isa = PBXResourcesBuildPhase;
			buildActionMask = 2147483647;
			files = (
				6ED106FE19EE5BD200E1F669 /* Main.storyboard in Resources */,
				6EFB719919F1CD3600830F79 /* secrets.json in Resources */,
				6ED1070319EE5BD200E1F669 /* LaunchScreen.xib in Resources */,
				6EDE0D8D1A00115800606558 /* web_black@2x.png in Resources */,
				6EDE0D8F1A00116F00606558 /* web_black@3x.png in Resources */,
				6ED1070019EE5BD200E1F669 /* Images.xcassets in Resources */,
			);
			runOnlyForDeploymentPostprocessing = 0;
		};
		6ED1070619EE5BD200E1F669 /* Resources */ = {
			isa = PBXResourcesBuildPhase;
			buildActionMask = 2147483647;
			files = (
				6EFB719A19F1CD3600830F79 /* secrets.json in Resources */,
			);
			runOnlyForDeploymentPostprocessing = 0;
		};
/* End PBXResourcesBuildPhase section */

/* Begin PBXShellScriptBuildPhase section */
		3F72ACD18130E3205785DDA7 /* Check Pods Manifest.lock */ = {
			isa = PBXShellScriptBuildPhase;
			buildActionMask = 2147483647;
			files = (
			);
			inputPaths = (
			);
			name = "Check Pods Manifest.lock";
			outputPaths = (
			);
			runOnlyForDeploymentPostprocessing = 0;
			shellPath = /bin/sh;
			shellScript = "diff \"${PODS_ROOT}/../Podfile.lock\" \"${PODS_ROOT}/Manifest.lock\" > /dev/null\nif [[ $? != 0 ]] ; then\n    cat << EOM\nerror: The sandbox is not in sync with the Podfile.lock. Run 'pod install' or update your CocoaPods installation.\nEOM\n    exit 1\nfi\n";
			showEnvVarsInLog = 0;
		};
		6E730AA319FAFBE300E412C3 /* ShellScript */ = {
			isa = PBXShellScriptBuildPhase;
			buildActionMask = 2147483647;
			files = (
			);
			inputPaths = (
			);
			outputPaths = (
			);
			runOnlyForDeploymentPostprocessing = 0;
			shellPath = /bin/sh;
			shellScript = "#!/bin/bash\nif [ -n \"$(find \"$PROJECT_DIR\" \\! -path \"*xcuserdata*\" \\! -path \"*.git\" -newer \"$INFOPLIST_FILE\")\" ]; then\nbuildNumber=$(/usr/libexec/PlistBuddy -c \"Print CFBundleVersion\" \"$INFOPLIST_FILE\")\nbuildNumber=$(($buildNumber + 1))\n/usr/libexec/PlistBuddy -c \"Set :CFBundleVersion $buildNumber\" \"$INFOPLIST_FILE\"\nfi";
		};
		B44070CEB5BC5B087B000C58 /* Copy Pods Resources */ = {
			isa = PBXShellScriptBuildPhase;
			buildActionMask = 2147483647;
			files = (
			);
			inputPaths = (
			);
			name = "Copy Pods Resources";
			outputPaths = (
			);
			runOnlyForDeploymentPostprocessing = 0;
			shellPath = /bin/sh;
			shellScript = "\"${SRCROOT}/Pods/Target Support Files/Pods-HackerNewsTests/Pods-HackerNewsTests-resources.sh\"\n";
			showEnvVarsInLog = 0;
		};
		CDED1F2C28A75D93C29D46AB /* Check Pods Manifest.lock */ = {
			isa = PBXShellScriptBuildPhase;
			buildActionMask = 2147483647;
			files = (
			);
			inputPaths = (
			);
			name = "Check Pods Manifest.lock";
			outputPaths = (
			);
			runOnlyForDeploymentPostprocessing = 0;
			shellPath = /bin/sh;
			shellScript = "diff \"${PODS_ROOT}/../Podfile.lock\" \"${PODS_ROOT}/Manifest.lock\" > /dev/null\nif [[ $? != 0 ]] ; then\n    cat << EOM\nerror: The sandbox is not in sync with the Podfile.lock. Run 'pod install' or update your CocoaPods installation.\nEOM\n    exit 1\nfi\n";
			showEnvVarsInLog = 0;
		};
		FD1C5E65A8DB1E3AAF37183A /* Copy Pods Resources */ = {
			isa = PBXShellScriptBuildPhase;
			buildActionMask = 2147483647;
			files = (
			);
			inputPaths = (
			);
			name = "Copy Pods Resources";
			outputPaths = (
			);
			runOnlyForDeploymentPostprocessing = 0;
			shellPath = /bin/sh;
			shellScript = "\"${SRCROOT}/Pods/Target Support Files/Pods-HackerNews/Pods-HackerNews-resources.sh\"\n";
			showEnvVarsInLog = 0;
		};
/* End PBXShellScriptBuildPhase section */

/* Begin PBXSourcesBuildPhase section */
		6ED106EB19EE5BD200E1F669 /* Sources */ = {
			isa = PBXSourcesBuildPhase;
			buildActionMask = 2147483647;
			files = (
				6E3FE97019F1E5EE0055964F /* HNDynamicLogo.m in Sources */,
				6ED106FB19EE5BD200E1F669 /* HNTopViewController.m in Sources */,
				6ED106F819EE5BD200E1F669 /* AppDelegate.m in Sources */,
				6E397BDA19F2680100697A8D /* HNTextViewController.m in Sources */,
				6EDC46081A02C5A3005E92D0 /* NSCache+WSMUtilities.m in Sources */,
				6ED106F519EE5BD200E1F669 /* main.m in Sources */,
				6E730AA219FAFB2500E412C3 /* UITableViewCell+HNHeadline.m in Sources */,
				6EEAEFA519EF6B8C00CFD62E /* HNWebViewController.m in Sources */,
				6EC5E9421A02D8B900992C6B /* HNSplitViewController.m in Sources */,
			);
			runOnlyForDeploymentPostprocessing = 0;
		};
		6ED1070419EE5BD200E1F669 /* Sources */ = {
			isa = PBXSourcesBuildPhase;
			buildActionMask = 2147483647;
			files = (
				6ED1070F19EE5BD200E1F669 /* HackerNewsTests.m in Sources */,
			);
			runOnlyForDeploymentPostprocessing = 0;
		};
/* End PBXSourcesBuildPhase section */

/* Begin PBXTargetDependency section */
		6ED1070A19EE5BD200E1F669 /* PBXTargetDependency */ = {
			isa = PBXTargetDependency;
			target = 6ED106EE19EE5BD200E1F669 /* HackerNews */;
			targetProxy = 6ED1070919EE5BD200E1F669 /* PBXContainerItemProxy */;
		};
/* End PBXTargetDependency section */

/* Begin PBXVariantGroup section */
		6ED106FC19EE5BD200E1F669 /* Main.storyboard */ = {
			isa = PBXVariantGroup;
			children = (
				6ED106FD19EE5BD200E1F669 /* Base */,
			);
			name = Main.storyboard;
			sourceTree = "<group>";
		};
		6ED1070119EE5BD200E1F669 /* LaunchScreen.xib */ = {
			isa = PBXVariantGroup;
			children = (
				6ED1070219EE5BD200E1F669 /* Base */,
			);
			name = LaunchScreen.xib;
			sourceTree = "<group>";
		};
/* End PBXVariantGroup section */

/* Begin XCBuildConfiguration section */
		6ED1071019EE5BD200E1F669 /* Debug */ = {
			isa = XCBuildConfiguration;
			buildSettings = {
				ALWAYS_SEARCH_USER_PATHS = NO;
				CLANG_CXX_LANGUAGE_STANDARD = "gnu++0x";
				CLANG_CXX_LIBRARY = "libc++";
				CLANG_ENABLE_MODULES = YES;
				CLANG_ENABLE_OBJC_ARC = YES;
				CLANG_WARN_BOOL_CONVERSION = YES;
				CLANG_WARN_CONSTANT_CONVERSION = YES;
				CLANG_WARN_DIRECT_OBJC_ISA_USAGE = YES_ERROR;
				CLANG_WARN_EMPTY_BODY = YES;
				CLANG_WARN_ENUM_CONVERSION = YES;
				CLANG_WARN_INT_CONVERSION = YES;
				CLANG_WARN_OBJC_ROOT_CLASS = YES_ERROR;
				CLANG_WARN_UNREACHABLE_CODE = YES;
				CLANG_WARN__DUPLICATE_METHOD_MATCH = YES;
				"CODE_SIGN_IDENTITY[sdk=iphoneos*]" = "iPhone Developer";
				COPY_PHASE_STRIP = NO;
				ENABLE_STRICT_OBJC_MSGSEND = YES;
				GCC_C_LANGUAGE_STANDARD = gnu99;
				GCC_DYNAMIC_NO_PIC = NO;
				GCC_OPTIMIZATION_LEVEL = 0;
				GCC_PREPROCESSOR_DEFINITIONS = (
					"DEBUG=1",
					"$(inherited)",
				);
				GCC_SYMBOLS_PRIVATE_EXTERN = NO;
				GCC_WARN_64_TO_32_BIT_CONVERSION = YES;
				GCC_WARN_ABOUT_RETURN_TYPE = YES_ERROR;
				GCC_WARN_UNDECLARED_SELECTOR = YES;
				GCC_WARN_UNINITIALIZED_AUTOS = YES_AGGRESSIVE;
				GCC_WARN_UNUSED_FUNCTION = YES;
				GCC_WARN_UNUSED_VARIABLE = YES;
				IPHONEOS_DEPLOYMENT_TARGET = 8.0;
				MTL_ENABLE_DEBUG_INFO = YES;
				ONLY_ACTIVE_ARCH = YES;
				SDKROOT = iphoneos;
			};
			name = Debug;
		};
		6ED1071119EE5BD200E1F669 /* Release */ = {
			isa = XCBuildConfiguration;
			buildSettings = {
				ALWAYS_SEARCH_USER_PATHS = NO;
				CLANG_CXX_LANGUAGE_STANDARD = "gnu++0x";
				CLANG_CXX_LIBRARY = "libc++";
				CLANG_ENABLE_MODULES = YES;
				CLANG_ENABLE_OBJC_ARC = YES;
				CLANG_WARN_BOOL_CONVERSION = YES;
				CLANG_WARN_CONSTANT_CONVERSION = YES;
				CLANG_WARN_DIRECT_OBJC_ISA_USAGE = YES_ERROR;
				CLANG_WARN_EMPTY_BODY = YES;
				CLANG_WARN_ENUM_CONVERSION = YES;
				CLANG_WARN_INT_CONVERSION = YES;
				CLANG_WARN_OBJC_ROOT_CLASS = YES_ERROR;
				CLANG_WARN_UNREACHABLE_CODE = YES;
				CLANG_WARN__DUPLICATE_METHOD_MATCH = YES;
				"CODE_SIGN_IDENTITY[sdk=iphoneos*]" = "iPhone Developer";
				COPY_PHASE_STRIP = YES;
				ENABLE_NS_ASSERTIONS = NO;
				ENABLE_STRICT_OBJC_MSGSEND = YES;
				GCC_C_LANGUAGE_STANDARD = gnu99;
				GCC_WARN_64_TO_32_BIT_CONVERSION = YES;
				GCC_WARN_ABOUT_RETURN_TYPE = YES_ERROR;
				GCC_WARN_UNDECLARED_SELECTOR = YES;
				GCC_WARN_UNINITIALIZED_AUTOS = YES_AGGRESSIVE;
				GCC_WARN_UNUSED_FUNCTION = YES;
				GCC_WARN_UNUSED_VARIABLE = YES;
				IPHONEOS_DEPLOYMENT_TARGET = 8.0;
				MTL_ENABLE_DEBUG_INFO = NO;
				SDKROOT = iphoneos;
				VALIDATE_PRODUCT = YES;
			};
			name = Release;
		};
		6ED1071319EE5BD200E1F669 /* Debug */ = {
			isa = XCBuildConfiguration;
			baseConfigurationReference = 1749091DAE37B3D4B3DEFF1E /* Pods-HackerNews.debug.xcconfig */;
			buildSettings = {
				ASSETCATALOG_COMPILER_APPICON_NAME = AppIcon;
				FRAMEWORK_SEARCH_PATHS = (
					"$(inherited)",
					"$(PROJECT_DIR)",
					"$(PROJECT_DIR)/vendor",
				);
				GCC_INCREASE_PRECOMPILED_HEADER_SHARING = YES;
				GCC_PRECOMPILE_PREFIX_HEADER = YES;
				GCC_PREFIX_HEADER = "HackerNews/HackerNews-Prefix.pch";
				INFOPLIST_FILE = HackerNews/Info.plist;
				IPHONEOS_DEPLOYMENT_TARGET = 8.0;
				LD_RUNPATH_SEARCH_PATHS = "$(inherited) @executable_path/Frameworks";
				LIBRARY_SEARCH_PATHS = (
					"$(inherited)",
					"$(PROJECT_DIR)/Flurry",
					"$(PROJECT_DIR)/vendor/Flurry",
				);
				PRODUCT_NAME = "Hacker News";
			};
			name = Debug;
		};
		6ED1071419EE5BD200E1F669 /* Release */ = {
			isa = XCBuildConfiguration;
			baseConfigurationReference = E399C2BC9F636EE909A15CBC /* Pods-HackerNews.release.xcconfig */;
			buildSettings = {
				ASSETCATALOG_COMPILER_APPICON_NAME = AppIcon;
				FRAMEWORK_SEARCH_PATHS = (
					"$(inherited)",
					"$(PROJECT_DIR)",
					"$(PROJECT_DIR)/vendor",
				);
				GCC_INCREASE_PRECOMPILED_HEADER_SHARING = YES;
				GCC_PRECOMPILE_PREFIX_HEADER = YES;
				GCC_PREFIX_HEADER = "HackerNews/HackerNews-Prefix.pch";
				INFOPLIST_FILE = HackerNews/Info.plist;
				IPHONEOS_DEPLOYMENT_TARGET = 8.0;
				LD_RUNPATH_SEARCH_PATHS = "$(inherited) @executable_path/Frameworks";
				LIBRARY_SEARCH_PATHS = (
					"$(inherited)",
					"$(PROJECT_DIR)/Flurry",
					"$(PROJECT_DIR)/vendor/Flurry",
				);
				PRODUCT_NAME = "Hacker News";
			};
			name = Release;
		};
		6ED1071619EE5BD200E1F669 /* Debug */ = {
			isa = XCBuildConfiguration;
			baseConfigurationReference = 591A035AA7E80899E62C60B9 /* Pods-HackerNewsTests.debug.xcconfig */;
			buildSettings = {
				BUNDLE_LOADER = "$(TEST_HOST)";
				FRAMEWORK_SEARCH_PATHS = (
					"$(SDKROOT)/Developer/Library/Frameworks",
					"$(inherited)",
					"$(PROJECT_DIR)",
				);
				GCC_PREPROCESSOR_DEFINITIONS = (
					"DEBUG=1",
					"$(inherited)",
				);
				INFOPLIST_FILE = HackerNewsTests/Info.plist;
				LD_RUNPATH_SEARCH_PATHS = "$(inherited) @executable_path/Frameworks @loader_path/Frameworks";
				LIBRARY_SEARCH_PATHS = (
					"$(inherited)",
					"$(PROJECT_DIR)/Flurry",
				);
				PRODUCT_NAME = "$(TARGET_NAME)";
				TEST_HOST = "$(BUILT_PRODUCTS_DIR)/Hacker News.app/Hacker News";
			};
			name = Debug;
		};
		6ED1071719EE5BD200E1F669 /* Release */ = {
			isa = XCBuildConfiguration;
			baseConfigurationReference = 6028C4209F00A205B7FFD67D /* Pods-HackerNewsTests.release.xcconfig */;
			buildSettings = {
				BUNDLE_LOADER = "$(TEST_HOST)";
				FRAMEWORK_SEARCH_PATHS = (
					"$(SDKROOT)/Developer/Library/Frameworks",
					"$(inherited)",
					"$(PROJECT_DIR)",
				);
				INFOPLIST_FILE = HackerNewsTests/Info.plist;
				LD_RUNPATH_SEARCH_PATHS = "$(inherited) @executable_path/Frameworks @loader_path/Frameworks";
				LIBRARY_SEARCH_PATHS = (
					"$(inherited)",
					"$(PROJECT_DIR)/Flurry",
				);
				PRODUCT_NAME = "$(TARGET_NAME)";
				TEST_HOST = "$(BUILT_PRODUCTS_DIR)/Hacker News.app/Hacker News";
			};
			name = Release;
		};
/* End XCBuildConfiguration section */

/* Begin XCConfigurationList section */
		6ED106EA19EE5BD200E1F669 /* Build configuration list for PBXProject "HackerNews" */ = {
			isa = XCConfigurationList;
			buildConfigurations = (
				6ED1071019EE5BD200E1F669 /* Debug */,
				6ED1071119EE5BD200E1F669 /* Release */,
			);
			defaultConfigurationIsVisible = 0;
			defaultConfigurationName = Release;
		};
		6ED1071219EE5BD200E1F669 /* Build configuration list for PBXNativeTarget "HackerNews" */ = {
			isa = XCConfigurationList;
			buildConfigurations = (
				6ED1071319EE5BD200E1F669 /* Debug */,
				6ED1071419EE5BD200E1F669 /* Release */,
			);
			defaultConfigurationIsVisible = 0;
			defaultConfigurationName = Release;
		};
		6ED1071519EE5BD200E1F669 /* Build configuration list for PBXNativeTarget "HackerNewsTests" */ = {
			isa = XCConfigurationList;
			buildConfigurations = (
				6ED1071619EE5BD200E1F669 /* Debug */,
				6ED1071719EE5BD200E1F669 /* Release */,
			);
			defaultConfigurationIsVisible = 0;
			defaultConfigurationName = Release;
		};
/* End XCConfigurationList section */
	};
	rootObject = 6ED106E719EE5BD200E1F669 /* Project object */;
}
